
Microsoft Visual Studio Solution File, Format Version 12.00
# Visual Studio 14
VisualStudioVersion = 14.0.25420.1
MinimumVisualStudioVersion = 10.0.40219.1
Project("{FAE04EC0-301F-11D3-BF4B-00C04F79EFBC}") = "EncapsulationExample", "ClassLibrary1\EncapsulationExample.csproj", "{60494822-0890-4708-B11F-6A0B0CB48C44}"
EndProject
Project("{2150E333-8FDC-42A3-9474-1A3956D46DE8}") = "EncapsulationExample", "EncapsulationExample", "{9AE8AAD3-FC27-484A-AFF2-6B70700E9616}"
	ProjectSection(SolutionItems) = preProject
		EncapsulationNotes.txt = EncapsulationNotes.txt
	EndProjectSection
EndProject
Project("{2150E333-8FDC-42A3-9474-1A3956D46DE8}") = "ExamRefBook(70-483)", "ExamRefBook(70-483)", "{957D1D65-DFFA-4BEF-AD96-106C49959830}"
EndProject
Project("{2150E333-8FDC-42A3-9474-1A3956D46DE8}") = "Chapter1", "Chapter1", "{A635730A-AF9F-4F0C-A43E-9D5F7914B89A}"
EndProject
Project("{2150E333-8FDC-42A3-9474-1A3956D46DE8}") = "Chapter2", "Chapter2", "{F506953E-7CE8-4C16-B892-3B0D2B97BE19}"
EndProject
Project("{2150E333-8FDC-42A3-9474-1A3956D46DE8}") = "Chapter3", "Chapter3", "{03E82E7C-1D62-4014-B039-D6F58518D315}"
EndProject
Project("{FAE04EC0-301F-11D3-BF4B-00C04F79EFBC}") = "Listing1-01_CreatingThreads", "Listing1-1_CreatingThreads\Listing1-01_CreatingThreads.csproj", "{C9342151-FD83-4E17-A8AC-52A6F0E62EE7}"
EndProject
Project("{FAE04EC0-301F-11D3-BF4B-00C04F79EFBC}") = "Listing1-02_BackgroundThreads", "Listing1-2_BackgroundThreads\Listing1-02_BackgroundThreads.csproj", "{4C520DD8-5437-4AAA-AD6D-61ADD4DC486B}"
EndProject
Project("{FAE04EC0-301F-11D3-BF4B-00C04F79EFBC}") = "Listing1-03_ParameterizedThreadStarts", "Listing1-3_ParameterizedThreadStarts\Listing1-03_ParameterizedThreadStarts.csproj", "{3FAD0731-6C99-4924-B56B-381BE7924BE1}"
EndProject
Project("{FAE04EC0-301F-11D3-BF4B-00C04F79EFBC}") = "Listing1-04_StoppingThreads", "Listing1-4_StoppingThreads\Listing1-04_StoppingThreads.csproj", "{736A2B66-BBEE-41E3-B9DB-C640CDA550D6}"
EndProject
Project("{FAE04EC0-301F-11D3-BF4B-00C04F79EFBC}") = "Listing1-05_ThreadStaticAttributes", "Listing1-5_ThreadStaticAttributes\Listing1-05_ThreadStaticAttributes.csproj", "{B9D0DDF2-2DFB-4B4D-A8FF-6C695F7FEE7D}"
EndProject
Project("{FAE04EC0-301F-11D3-BF4B-00C04F79EFBC}") = "Listing1-06_UsingThreadLocal", "Listing1-6_UsingThreadLocal\Listing1-06_UsingThreadLocal.csproj", "{A35F12A9-CFB5-47D3-B0F2-D3C3CDA4DC72}"
EndProject
Project("{FAE04EC0-301F-11D3-BF4B-00C04F79EFBC}") = "Listing1-07_QueuingWorkToThreadPools", "Listing1-7_UsingThreadPools\Listing1-07_QueuingWorkToThreadPools.csproj", "{E26DFA07-4F23-4FB9-B295-CB30DE7CA222}"
EndProject
Project("{FAE04EC0-301F-11D3-BF4B-00C04F79EFBC}") = "Listing1-08_StartingTasks", "Listing1-8_StartingTasks\Listing1-08_StartingTasks.csproj", "{4649C8BE-67BC-4FC2-BD5A-829655B2A924}"
EndProject
Project("{FAE04EC0-301F-11D3-BF4B-00C04F79EFBC}") = "Listing1-09_UsingTasks", "Listing1-9_UsingTasks\Listing1-09_UsingTasks.csproj", "{B329CCB2-E6D8-4703-9ACB-DA7852DA6B7C}"
EndProject
Project("{FAE04EC0-301F-11D3-BF4B-00C04F79EFBC}") = "Listing1-10_AddingContinuations", "Listing1-10_AddingContinuations\Listing1-10_AddingContinuations.csproj", "{8798DF95-17E4-4188-B1F8-91E22D21BED0}"
EndProject
Project("{FAE04EC0-301F-11D3-BF4B-00C04F79EFBC}") = "Listing1-11_SchedulingContinuationTasks", "Listing1-11_SchedulingContinuationTasks\Listing1-11_SchedulingContinuationTasks.csproj", "{4EC8D8F8-A7FB-4A12-AC90-1DFEB575B095}"
EndProject
Project("{FAE04EC0-301F-11D3-BF4B-00C04F79EFBC}") = "Listing1-12_AttachingChildToParentTasks", "Listing1-12_AttachingChildToParentTasks\Listing1-12_AttachingChildToParentTasks.csproj", "{688A5FAF-6597-4FFD-8F1B-C0D9C22CB304}"
EndProject
Project("{FAE04EC0-301F-11D3-BF4B-00C04F79EFBC}") = "Listing1-13_UsingTaskFactories", "Listing1-13_UsingTaskFactories\Listing1-13_UsingTaskFactories.csproj", "{A5A5A17B-BB4E-4116-A06F-FD6654A862C1}"
EndProject
Project("{FAE04EC0-301F-11D3-BF4B-00C04F79EFBC}") = "Listing1-14_UsingTaskWaitAll", "Listing1-14_UsingTaskWaitAll\Listing1-14_UsingTaskWaitAll.csproj", "{AA8D654F-6A40-49A3-BAD1-B482952FDDFA}"
EndProject
Project("{FAE04EC0-301F-11D3-BF4B-00C04F79EFBC}") = "Listing1-15_UsingTaskWaitAny", "Listing1-15_UsingTaskWaitAny\Listing1-15_UsingTaskWaitAny.csproj", "{2075E778-3752-4641-923A-C9868EC73FE2}"
EndProject
Project("{FAE04EC0-301F-11D3-BF4B-00C04F79EFBC}") = "Listing1-16_UsingParallelForAndForeach", "Listing1-16_UsingParallelForAndForeach\Listing1-16_UsingParallelForAndForeach.csproj", "{2455EF53-1F08-49ED-B611-ECECCE91660D}"
EndProject
Project("{FAE04EC0-301F-11D3-BF4B-00C04F79EFBC}") = "Listing1-17_UsingParallelBreak", "Listing1-17_UsingParallelBreak\Listing1-17_UsingParallelBreak.csproj", "{83C06ACB-2599-4CE6-BAC1-3E4B1583D6BD}"
EndProject
Project("{FAE04EC0-301F-11D3-BF4B-00C04F79EFBC}") = "Listing1-18_AsyncAndAwait", "Listing1-18_AsyncAndAwait\Listing1-18_AsyncAndAwait.csproj", "{4112539F-34BB-49E2-A560-B7BA80D51214}"
EndProject
Project("{FAE04EC0-301F-11D3-BF4B-00C04F79EFBC}") = "Listing1-19_ScalabilityVsResponsiveness", "Listing1-19_ScalabilityVsResponsiveness\Listing1-19_ScalabilityVsResponsiveness.csproj", "{74011051-42C9-40D9-BBBB-85FD16D498EC}"
EndProject
Project("{2150E333-8FDC-42A3-9474-1A3956D46DE8}") = "Objective_1-1", "Objective_1-1", "{6BA1D02F-6686-4937-85C2-CD1AF55EA25F}"
EndProject
Project("{2150E333-8FDC-42A3-9474-1A3956D46DE8}") = "Objective_1-2", "Objective_1-2", "{5AB12B10-994B-4BD3-8F60-2E2DF738CE9D}"
EndProject
Project("{2150E333-8FDC-42A3-9474-1A3956D46DE8}") = "Objective_1-3", "Objective_1-3", "{701A7928-9604-4AC0-8FB1-B9B4E0A0FC78}"
EndProject
Project("{2150E333-8FDC-42A3-9474-1A3956D46DE8}") = "Objective_1-4", "Objective_1-4", "{4FA11EE6-9E75-46F6-B81A-F237432F7DA8}"
EndProject
Project("{FAE04EC0-301F-11D3-BF4B-00C04F79EFBC}") = "Listing1-20_UsingConfigureAwait", "Listing1-20_UsingConfigureAwait\Listing1-20_UsingConfigureAwait.csproj", "{CBC3E5D2-8A81-4F88-8AFA-1ECA2FA4A318}"
EndProject
Project("{FAE04EC0-301F-11D3-BF4B-00C04F79EFBC}") = "Listing1-21_ContinuingOnThreadPoolInsteadOfUIThread", "Listing1-21_ContinuingOnThreadPoolInsteadOfUIThread\Listing1-21_ContinuingOnThreadPoolInsteadOfUIThread.csproj", "{A9B24A40-C418-419C-8A07-29758993C150}"
EndProject
Project("{FAE04EC0-301F-11D3-BF4B-00C04F79EFBC}") = "Listing1-22_UsingAsParallel", "Listing1-22_UsingAsParallel\Listing1-22_UsingAsParallel.csproj", "{16C35966-AD4D-4EC1-8EEF-0121A0FB2EE1}"
EndProject
Project("{FAE04EC0-301F-11D3-BF4B-00C04F79EFBC}") = "Listing1-23_ UnorderedParallelQuery", "Listing1-23_ UnorderedParallelQuery\Listing1-23_ UnorderedParallelQuery.csproj", "{E3A46832-D9BA-4805-BC08-F7C36E26FEC5}"
EndProject
Project("{FAE04EC0-301F-11D3-BF4B-00C04F79EFBC}") = "Listing1-24_OrderedParallelQuery", "Listing1-24_OrderedParallelQuery\Listing1-24_OrderedParallelQuery.csproj", "{B8B5DC8C-065E-4ECE-821D-F67B0E6A6A38}"
EndProject
Project("{FAE04EC0-301F-11D3-BF4B-00C04F79EFBC}") = "Listing1-25_MakingAParallelQuerySequential", "Listing1-25_MakingAParallelQuerySequential\Listing1-25_MakingAParallelQuerySequential.csproj", "{F532F915-7D55-4F6F-B99C-48D66DB35CE6}"
EndProject
Project("{FAE04EC0-301F-11D3-BF4B-00C04F79EFBC}") = "Listing1-26_UsingForAll", "Listing1-26_UsingForAll\Listing1-26_UsingForAll.csproj", "{6FB18248-63AC-4895-BE42-75418C7C1232}"
EndProject
Project("{FAE04EC0-301F-11D3-BF4B-00C04F79EFBC}") = "Listing1-27_CatchingAggregateExceptions", "Listing1-27_CatchingAggregateExceptions\Listing1-27_CatchingAggregateExceptions.csproj", "{1CF89D84-84A6-467A-89A8-104C9DE0FECA}"
EndProject
Project("{FAE04EC0-301F-11D3-BF4B-00C04F79EFBC}") = "Listing1-28_UsingBlockingCollection", "Listing1-28_UsingBlockingCollection\Listing1-28_UsingBlockingCollection.csproj", "{E757D776-4F16-4A8B-8DE1-5F58E3065938}"
EndProject
Project("{FAE04EC0-301F-11D3-BF4B-00C04F79EFBC}") = "Listing1-29_UsingGetConsumingEnumerable", "Listing1-29_UsingGetConsumingEnumerable\Listing1-29_UsingGetConsumingEnumerable.csproj", "{2DCB40D5-4799-446F-9EB5-FD61743E3B6C}"
EndProject
Project("{FAE04EC0-301F-11D3-BF4B-00C04F79EFBC}") = "Listing1-30_UsingAConcurrentBag", "Listing1-30_UsingAConcurrentBag\Listing1-30_UsingAConcurrentBag.csproj", "{CFBFB7A9-B1B3-4B12-9427-C6870B377511}"
EndProject
Project("{FAE04EC0-301F-11D3-BF4B-00C04F79EFBC}") = "Listing1-31_EnumeratingAConcurrentBag", "Listing1-31_UsingAConcurrentBag\Listing1-31_EnumeratingAConcurrentBag.csproj", "{0518F6E6-7D96-4935-A203-F85E92C503F5}"
EndProject
Project("{FAE04EC0-301F-11D3-BF4B-00C04F79EFBC}") = "Listing1-32_UsingConcurrentStacks", "Listing1-32_UsingConcurrentStacks\Listing1-32_UsingConcurrentStacks.csproj", "{07BB0463-6F03-4231-99E6-CDC5DCADBB71}"
EndProject
Project("{FAE04EC0-301F-11D3-BF4B-00C04F79EFBC}") = "Listing1-33_UsingConcurrentQueues", "Listing1-33_UsingConcurrentQueues\Listing1-33_UsingConcurrentQueues.csproj", "{7DD92F89-45BD-478B-A8C9-9622B150F1B8}"
EndProject
Project("{FAE04EC0-301F-11D3-BF4B-00C04F79EFBC}") = "Listing1-34_UsingConcurrentDictionary", "Listing1-34_UsingConcurrentDictionary\Listing1-34_UsingConcurrentDictionary.csproj", "{52347055-FA98-4584-B04C-A4FD9C5B7AA8}"
EndProject
Project("{2150E333-8FDC-42A3-9474-1A3956D46DE8}") = "RandomCS", "RandomCS", "{27792212-6A61-4815-9A90-6402382BD7CC}"
EndProject
Project("{FAE04EC0-301F-11D3-BF4B-00C04F79EFBC}") = "CastingTypes", "Random\CastingTypes.csproj", "{EAACE12B-0B6B-4EC4-B788-F354F964FE74}"
EndProject
Project("{FAE04EC0-301F-11D3-BF4B-00C04F79EFBC}") = "UsingStruct", "UsingStruct\UsingStruct.csproj", "{B58938DA-7863-4DA5-A366-1CE6C34F2556}"
EndProject
Project("{FAE04EC0-301F-11D3-BF4B-00C04F79EFBC}") = "InheritanceExample", "InheritanceExample\InheritanceExample.csproj", "{24F0E414-21FE-4700-B5A8-4A783459EC18}"
EndProject
Project("{2150E333-8FDC-42A3-9474-1A3956D46DE8}") = "OOP", "OOP", "{23FD6B17-9A4C-4301-B41C-E745C1F69C89}"
EndProject
Project("{FAE04EC0-301F-11D3-BF4B-00C04F79EFBC}") = "Listing1-35_SharedDataInMultithreadedApps", "Listing1-35_SharedDataInMultithreadedApps\Listing1-35_SharedDataInMultithreadedApps.csproj", "{6D77326F-A984-4834-B8CE-443FEB246B80}"
EndProject
Project("{FAE04EC0-301F-11D3-BF4B-00C04F79EFBC}") = "Listing1-36_UsingLockKeyword", "Listing1-36_UsingLockKeyword\Listing1-36_UsingLockKeyword.csproj", "{2B7B441E-00E7-4CEB-A7A7-92C1390182A3}"
EndProject
Project("{FAE04EC0-301F-11D3-BF4B-00C04F79EFBC}") = "Listing1-37_CreatingADeadlock", "Listing1-37_CreatingADeadlock\Listing1-37_CreatingADeadlock.csproj", "{9EA68763-52B9-41D3-9739-4F5D4897FB26}"
EndProject
Project("{FAE04EC0-301F-11D3-BF4B-00C04F79EFBC}") = "Listing1-38_GeneratedCodeFromLockStatement", "Listing1-38_GeneratedCodeFromLockStatement\Listing1-38_GeneratedCodeFromLockStatement.csproj", "{BD00C1ED-2D6E-447F-8776-97180D3B64F3}"
EndProject
Project("{FAE04EC0-301F-11D3-BF4B-00C04F79EFBC}") = "Listing1-39_ProblemsWithMultithreadedCode", "Listing1-39_ProblemsWithMultithreadedCode\Listing1-39_ProblemsWithMultithreadedCode.csproj", "{67FDE9BF-4C77-4E98-980F-99635C0BE052}"
EndProject
Project("{FAE04EC0-301F-11D3-BF4B-00C04F79EFBC}") = "Listing1-40_UsingInterlocked", "Listing1-40_UsingInterlocked\Listing1-40_UsingInterlocked.csproj", "{9A883EE1-1A8E-4A5D-8031-9E1485D0C468}"
EndProject
Project("{FAE04EC0-301F-11D3-BF4B-00C04F79EFBC}") = "Listing1-41_ComparingExchangingNonAtomicOperations", "Listing1-41_ComparingExchangingNonAtomicOperations\Listing1-41_ComparingExchangingNonAtomicOperations.csproj", "{10E04F96-3BEE-4440-9847-6E9F9800FBA7}"
EndProject
Project("{FAE04EC0-301F-11D3-BF4B-00C04F79EFBC}") = "Listing1-42_UsingCancellationTokens", "Listing1-42_UsingCancellationTokens\Listing1-42_UsingCancellationTokens.csproj", "{A4269011-09F4-456E-BAE6-02D41B9ADBF8}"
EndProject
Project("{FAE04EC0-301F-11D3-BF4B-00C04F79EFBC}") = "Listing1-43_ThrowingOperationCanceledException", "Listing1-43_ThrowingOperationCanceledException\Listing1-43_ThrowingOperationCanceledException.csproj", "{FEE0C1D2-4847-4702-98B8-428B1CBF4F3C}"
EndProject
Project("{FAE04EC0-301F-11D3-BF4B-00C04F79EFBC}") = "Listing1-44_ContinuationsForCanceledTasks", "Listing1-44_ContinuationsForCanceledTasks\Listing1-44_ContinuationsForCanceledTasks.csproj", "{F3439ADA-FC69-4695-A386-5DA1EC34AA67}"
EndProject
Project("{FAE04EC0-301F-11D3-BF4B-00C04F79EFBC}") = "Listing1-45_SettingTimeoutsOnTasks", "Listing1-45_SettingTimeoutsOnTasks\Listing1-45_SettingTimeoutsOnTasks.csproj", "{A5EBDA68-026A-4077-9A09-45BA3A323CDD}"
EndProject
Project("{FAE04EC0-301F-11D3-BF4B-00C04F79EFBC}") = "Listing1-46_EqualityOperator", "Listing1-46_EqualityOperator\Listing1-46_EqualityOperator.csproj", "{14E0A1E6-4A25-4EB8-A7DA-02FC11D73C73}"
EndProject
Project("{FAE04EC0-301F-11D3-BF4B-00C04F79EFBC}") = "Listing1-47_BooleanOrOperator", "Listing1-47_BooleanOrOperator\Listing1-47_BooleanOrOperator.csproj", "{D0BF7404-33DF-448B-BD4D-B84AD65F1746}"
EndProject
Project("{FAE04EC0-301F-11D3-BF4B-00C04F79EFBC}") = "Listing1-48_ShortCircuitingTheOrOperator", "Listing1-48_ShortCircuitingTheOrOperator\Listing1-48_ShortCircuitingTheOrOperator.csproj", "{8DD18E16-C0FF-4E47-876B-63FF0BA88D47}"
EndProject
Project("{FAE04EC0-301F-11D3-BF4B-00C04F79EFBC}") = "Listing1-49_AndOperator", "Listing1-49_AndOperator\Listing1-49_AndOperator.csproj", "{CA145469-7D47-4946-919D-03931730CFB1}"
EndProject
Project("{FAE04EC0-301F-11D3-BF4B-00C04F79EFBC}") = "Listing1-50_ShortCircuitingTheAndOperator", "Listing1-50_ShortCircuitingTheAndOperator\Listing1-50_ShortCircuitingTheAndOperator.csproj", "{1FE2242F-287E-4360-AFA9-0E31F73A0E61}"
EndProject
Project("{FAE04EC0-301F-11D3-BF4B-00C04F79EFBC}") = "Listing1-51_XOROperator", "Listing1-51_XOROperator\Listing1-51_XOROperator.csproj", "{EC29C740-D372-40AB-9A70-1F0E4D722484}"
EndProject
Project("{FAE04EC0-301F-11D3-BF4B-00C04F79EFBC}") = "Listing1-52_IfStatement", "Listing1-52_IfStatement\Listing1-52_IfStatement.csproj", "{CC1C4D1D-0119-43EC-8C82-73121427BAA8}"
EndProject
Project("{FAE04EC0-301F-11D3-BF4B-00C04F79EFBC}") = "Listing1-53_IfStatementWithCodeBlock", "Listing1-53_IfStatementWithCodeBlock\Listing1-53_IfStatementWithCodeBlock.csproj", "{F2B30663-633D-45C9-AA43-B799BB815A86}"
EndProject
Project("{FAE04EC0-301F-11D3-BF4B-00C04F79EFBC}") = "Listing1-54_CodeBlocksAndScoping", "Listing1-54_CodeBlocksAndScoping\Listing1-54_CodeBlocksAndScoping.csproj", "{D38BE977-17E8-4FC9-9F96-0EDDF99B4F55}"
EndProject
Project("{FAE04EC0-301F-11D3-BF4B-00C04F79EFBC}") = "Listing1-55_ElseStatement", "Listing1-55_ElseStatement\Listing1-55_ElseStatement.csproj", "{90BA52A6-F15B-4E1E-B092-9F8EEC3816AB}"
EndProject
Project("{FAE04EC0-301F-11D3-BF4B-00C04F79EFBC}") = "Listing1-56_MultipleIfElseStatements", "Listing1-56_MultipleIfElseStatements\Listing1-56_MultipleIfElseStatements.csproj", "{40C4D7D8-4EB3-4108-A8AF-E6782EF8B226}"
EndProject
Project("{FAE04EC0-301F-11D3-BF4B-00C04F79EFBC}") = "Listing1-57_ReadableNestedIfStatement", "Listing1-57_ReadableNestedIfStatement\Listing1-57_ReadableNestedIfStatement.csproj", "{C510ABE4-A521-4477-899D-A661AD39853D}"
EndProject
Project("{FAE04EC0-301F-11D3-BF4B-00C04F79EFBC}") = "Listing1-58_NullCoalescingOperator", "Listing1-58_NullCoalescingOperator\Listing1-58_NullCoalescingOperator.csproj", "{6BC0AD23-79C2-4A88-BFFD-3C32972D5FA6}"
EndProject
Project("{FAE04EC0-301F-11D3-BF4B-00C04F79EFBC}") = "Listing1-59_NestedNullCoalescingOperator", "Listing1-59_NestedNullCoalescingOperator\Listing1-59_NestedNullCoalescingOperator.csproj", "{585879D4-2131-4421-BCCA-2642E9A171D6}"
EndProject
Project("{FAE04EC0-301F-11D3-BF4B-00C04F79EFBC}") = "Listing1-60_ConditionalOperator", "Listing1-60_ConditionalOperator\Listing1-60_ConditionalOperator.csproj", "{A56BA7C9-AD18-441C-B16E-910582ECB976}"
EndProject
Project("{FAE04EC0-301F-11D3-BF4B-00C04F79EFBC}") = "Listing1-61_ComplexIfStatement", "Listing1-61_ComplexIfStatement\Listing1-61_ComplexIfStatement.csproj", "{B6736ED2-3C56-46BD-BEC0-8BC2A7546B28}"
EndProject
Project("{FAE04EC0-301F-11D3-BF4B-00C04F79EFBC}") = "Listing1-62_SwitchStatement", "Listing1-62_SwitchStatement\Listing1-62_SwitchStatement.csproj", "{0D5220D8-6C02-4A03-8F7D-52C065AB3CC3}"
EndProject
Project("{FAE04EC0-301F-11D3-BF4B-00C04F79EFBC}") = "Listing1-63_GoToSwitchStatement", "Listing1-63_GoToSwitchStatement\Listing1-63_GoToSwitchStatement.csproj", "{72C477AC-6598-408A-9F9B-FC383831C4E1}"
EndProject
Project("{FAE04EC0-301F-11D3-BF4B-00C04F79EFBC}") = "MulticastDelegateExample", "MulticastDelegateExample\MulticastDelegateExample.csproj", "{4A55401D-C0D3-4D7D-99F6-40F56FB75C7B}"
EndProject
Project("{2150E333-8FDC-42A3-9474-1A3956D46DE8}") = "Obejective_2-1", "Obejective_2-1", "{A7177AF5-AFAA-4C14-9CA4-C6A14476E0A0}"
EndProject
Project("{FAE04EC0-301F-11D3-BF4B-00C04F79EFBC}") = "Listing2-01_UsingTheFlagAttributeForAnEnum", "Listing2-01_UsingTheFlagAttributeForAnEnum\Listing2-01_UsingTheFlagAttributeForAnEnum.csproj", "{CD0488F4-1895-4807-8678-173E02A97A99}"
EndProject
Global
	GlobalSection(SolutionConfigurationPlatforms) = preSolution
		Debug|Any CPU = Debug|Any CPU
		Release|Any CPU = Release|Any CPU
	EndGlobalSection
	GlobalSection(ProjectConfigurationPlatforms) = postSolution
		{60494822-0890-4708-B11F-6A0B0CB48C44}.Debug|Any CPU.ActiveCfg = Debug|Any CPU
		{60494822-0890-4708-B11F-6A0B0CB48C44}.Debug|Any CPU.Build.0 = Debug|Any CPU
		{60494822-0890-4708-B11F-6A0B0CB48C44}.Release|Any CPU.ActiveCfg = Release|Any CPU
		{60494822-0890-4708-B11F-6A0B0CB48C44}.Release|Any CPU.Build.0 = Release|Any CPU
		{C9342151-FD83-4E17-A8AC-52A6F0E62EE7}.Debug|Any CPU.ActiveCfg = Debug|Any CPU
		{C9342151-FD83-4E17-A8AC-52A6F0E62EE7}.Debug|Any CPU.Build.0 = Debug|Any CPU
		{C9342151-FD83-4E17-A8AC-52A6F0E62EE7}.Release|Any CPU.ActiveCfg = Release|Any CPU
		{C9342151-FD83-4E17-A8AC-52A6F0E62EE7}.Release|Any CPU.Build.0 = Release|Any CPU
		{4C520DD8-5437-4AAA-AD6D-61ADD4DC486B}.Debug|Any CPU.ActiveCfg = Debug|Any CPU
		{4C520DD8-5437-4AAA-AD6D-61ADD4DC486B}.Debug|Any CPU.Build.0 = Debug|Any CPU
		{4C520DD8-5437-4AAA-AD6D-61ADD4DC486B}.Release|Any CPU.ActiveCfg = Release|Any CPU
		{4C520DD8-5437-4AAA-AD6D-61ADD4DC486B}.Release|Any CPU.Build.0 = Release|Any CPU
		{3FAD0731-6C99-4924-B56B-381BE7924BE1}.Debug|Any CPU.ActiveCfg = Debug|Any CPU
		{3FAD0731-6C99-4924-B56B-381BE7924BE1}.Debug|Any CPU.Build.0 = Debug|Any CPU
		{3FAD0731-6C99-4924-B56B-381BE7924BE1}.Release|Any CPU.ActiveCfg = Release|Any CPU
		{3FAD0731-6C99-4924-B56B-381BE7924BE1}.Release|Any CPU.Build.0 = Release|Any CPU
		{736A2B66-BBEE-41E3-B9DB-C640CDA550D6}.Debug|Any CPU.ActiveCfg = Debug|Any CPU
		{736A2B66-BBEE-41E3-B9DB-C640CDA550D6}.Debug|Any CPU.Build.0 = Debug|Any CPU
		{736A2B66-BBEE-41E3-B9DB-C640CDA550D6}.Release|Any CPU.ActiveCfg = Release|Any CPU
		{736A2B66-BBEE-41E3-B9DB-C640CDA550D6}.Release|Any CPU.Build.0 = Release|Any CPU
		{B9D0DDF2-2DFB-4B4D-A8FF-6C695F7FEE7D}.Debug|Any CPU.ActiveCfg = Debug|Any CPU
		{B9D0DDF2-2DFB-4B4D-A8FF-6C695F7FEE7D}.Debug|Any CPU.Build.0 = Debug|Any CPU
		{B9D0DDF2-2DFB-4B4D-A8FF-6C695F7FEE7D}.Release|Any CPU.ActiveCfg = Release|Any CPU
		{B9D0DDF2-2DFB-4B4D-A8FF-6C695F7FEE7D}.Release|Any CPU.Build.0 = Release|Any CPU
		{A35F12A9-CFB5-47D3-B0F2-D3C3CDA4DC72}.Debug|Any CPU.ActiveCfg = Debug|Any CPU
		{A35F12A9-CFB5-47D3-B0F2-D3C3CDA4DC72}.Debug|Any CPU.Build.0 = Debug|Any CPU
		{A35F12A9-CFB5-47D3-B0F2-D3C3CDA4DC72}.Release|Any CPU.ActiveCfg = Release|Any CPU
		{A35F12A9-CFB5-47D3-B0F2-D3C3CDA4DC72}.Release|Any CPU.Build.0 = Release|Any CPU
		{E26DFA07-4F23-4FB9-B295-CB30DE7CA222}.Debug|Any CPU.ActiveCfg = Debug|Any CPU
		{E26DFA07-4F23-4FB9-B295-CB30DE7CA222}.Debug|Any CPU.Build.0 = Debug|Any CPU
		{E26DFA07-4F23-4FB9-B295-CB30DE7CA222}.Release|Any CPU.ActiveCfg = Release|Any CPU
		{E26DFA07-4F23-4FB9-B295-CB30DE7CA222}.Release|Any CPU.Build.0 = Release|Any CPU
		{4649C8BE-67BC-4FC2-BD5A-829655B2A924}.Debug|Any CPU.ActiveCfg = Debug|Any CPU
		{4649C8BE-67BC-4FC2-BD5A-829655B2A924}.Debug|Any CPU.Build.0 = Debug|Any CPU
		{4649C8BE-67BC-4FC2-BD5A-829655B2A924}.Release|Any CPU.ActiveCfg = Release|Any CPU
		{4649C8BE-67BC-4FC2-BD5A-829655B2A924}.Release|Any CPU.Build.0 = Release|Any CPU
		{B329CCB2-E6D8-4703-9ACB-DA7852DA6B7C}.Debug|Any CPU.ActiveCfg = Debug|Any CPU
		{B329CCB2-E6D8-4703-9ACB-DA7852DA6B7C}.Debug|Any CPU.Build.0 = Debug|Any CPU
		{B329CCB2-E6D8-4703-9ACB-DA7852DA6B7C}.Release|Any CPU.ActiveCfg = Release|Any CPU
		{B329CCB2-E6D8-4703-9ACB-DA7852DA6B7C}.Release|Any CPU.Build.0 = Release|Any CPU
		{8798DF95-17E4-4188-B1F8-91E22D21BED0}.Debug|Any CPU.ActiveCfg = Debug|Any CPU
		{8798DF95-17E4-4188-B1F8-91E22D21BED0}.Debug|Any CPU.Build.0 = Debug|Any CPU
		{8798DF95-17E4-4188-B1F8-91E22D21BED0}.Release|Any CPU.ActiveCfg = Release|Any CPU
		{8798DF95-17E4-4188-B1F8-91E22D21BED0}.Release|Any CPU.Build.0 = Release|Any CPU
		{4EC8D8F8-A7FB-4A12-AC90-1DFEB575B095}.Debug|Any CPU.ActiveCfg = Debug|Any CPU
		{4EC8D8F8-A7FB-4A12-AC90-1DFEB575B095}.Debug|Any CPU.Build.0 = Debug|Any CPU
		{4EC8D8F8-A7FB-4A12-AC90-1DFEB575B095}.Release|Any CPU.ActiveCfg = Release|Any CPU
		{4EC8D8F8-A7FB-4A12-AC90-1DFEB575B095}.Release|Any CPU.Build.0 = Release|Any CPU
		{688A5FAF-6597-4FFD-8F1B-C0D9C22CB304}.Debug|Any CPU.ActiveCfg = Debug|Any CPU
		{688A5FAF-6597-4FFD-8F1B-C0D9C22CB304}.Debug|Any CPU.Build.0 = Debug|Any CPU
		{688A5FAF-6597-4FFD-8F1B-C0D9C22CB304}.Release|Any CPU.ActiveCfg = Release|Any CPU
		{688A5FAF-6597-4FFD-8F1B-C0D9C22CB304}.Release|Any CPU.Build.0 = Release|Any CPU
		{A5A5A17B-BB4E-4116-A06F-FD6654A862C1}.Debug|Any CPU.ActiveCfg = Debug|Any CPU
		{A5A5A17B-BB4E-4116-A06F-FD6654A862C1}.Debug|Any CPU.Build.0 = Debug|Any CPU
		{A5A5A17B-BB4E-4116-A06F-FD6654A862C1}.Release|Any CPU.ActiveCfg = Release|Any CPU
		{A5A5A17B-BB4E-4116-A06F-FD6654A862C1}.Release|Any CPU.Build.0 = Release|Any CPU
		{AA8D654F-6A40-49A3-BAD1-B482952FDDFA}.Debug|Any CPU.ActiveCfg = Debug|Any CPU
		{AA8D654F-6A40-49A3-BAD1-B482952FDDFA}.Debug|Any CPU.Build.0 = Debug|Any CPU
		{AA8D654F-6A40-49A3-BAD1-B482952FDDFA}.Release|Any CPU.ActiveCfg = Release|Any CPU
		{AA8D654F-6A40-49A3-BAD1-B482952FDDFA}.Release|Any CPU.Build.0 = Release|Any CPU
		{2075E778-3752-4641-923A-C9868EC73FE2}.Debug|Any CPU.ActiveCfg = Debug|Any CPU
		{2075E778-3752-4641-923A-C9868EC73FE2}.Debug|Any CPU.Build.0 = Debug|Any CPU
		{2075E778-3752-4641-923A-C9868EC73FE2}.Release|Any CPU.ActiveCfg = Release|Any CPU
		{2075E778-3752-4641-923A-C9868EC73FE2}.Release|Any CPU.Build.0 = Release|Any CPU
		{2455EF53-1F08-49ED-B611-ECECCE91660D}.Debug|Any CPU.ActiveCfg = Debug|Any CPU
		{2455EF53-1F08-49ED-B611-ECECCE91660D}.Debug|Any CPU.Build.0 = Debug|Any CPU
		{2455EF53-1F08-49ED-B611-ECECCE91660D}.Release|Any CPU.ActiveCfg = Release|Any CPU
		{2455EF53-1F08-49ED-B611-ECECCE91660D}.Release|Any CPU.Build.0 = Release|Any CPU
		{83C06ACB-2599-4CE6-BAC1-3E4B1583D6BD}.Debug|Any CPU.ActiveCfg = Debug|Any CPU
		{83C06ACB-2599-4CE6-BAC1-3E4B1583D6BD}.Debug|Any CPU.Build.0 = Debug|Any CPU
		{83C06ACB-2599-4CE6-BAC1-3E4B1583D6BD}.Release|Any CPU.ActiveCfg = Release|Any CPU
		{83C06ACB-2599-4CE6-BAC1-3E4B1583D6BD}.Release|Any CPU.Build.0 = Release|Any CPU
		{4112539F-34BB-49E2-A560-B7BA80D51214}.Debug|Any CPU.ActiveCfg = Debug|Any CPU
		{4112539F-34BB-49E2-A560-B7BA80D51214}.Debug|Any CPU.Build.0 = Debug|Any CPU
		{4112539F-34BB-49E2-A560-B7BA80D51214}.Release|Any CPU.ActiveCfg = Release|Any CPU
		{4112539F-34BB-49E2-A560-B7BA80D51214}.Release|Any CPU.Build.0 = Release|Any CPU
		{74011051-42C9-40D9-BBBB-85FD16D498EC}.Debug|Any CPU.ActiveCfg = Debug|Any CPU
		{74011051-42C9-40D9-BBBB-85FD16D498EC}.Debug|Any CPU.Build.0 = Debug|Any CPU
		{74011051-42C9-40D9-BBBB-85FD16D498EC}.Release|Any CPU.ActiveCfg = Release|Any CPU
		{74011051-42C9-40D9-BBBB-85FD16D498EC}.Release|Any CPU.Build.0 = Release|Any CPU
		{CBC3E5D2-8A81-4F88-8AFA-1ECA2FA4A318}.Debug|Any CPU.ActiveCfg = Debug|Any CPU
		{CBC3E5D2-8A81-4F88-8AFA-1ECA2FA4A318}.Debug|Any CPU.Build.0 = Debug|Any CPU
		{CBC3E5D2-8A81-4F88-8AFA-1ECA2FA4A318}.Release|Any CPU.ActiveCfg = Release|Any CPU
		{CBC3E5D2-8A81-4F88-8AFA-1ECA2FA4A318}.Release|Any CPU.Build.0 = Release|Any CPU
		{A9B24A40-C418-419C-8A07-29758993C150}.Debug|Any CPU.ActiveCfg = Debug|Any CPU
		{A9B24A40-C418-419C-8A07-29758993C150}.Debug|Any CPU.Build.0 = Debug|Any CPU
		{A9B24A40-C418-419C-8A07-29758993C150}.Release|Any CPU.ActiveCfg = Release|Any CPU
		{A9B24A40-C418-419C-8A07-29758993C150}.Release|Any CPU.Build.0 = Release|Any CPU
		{16C35966-AD4D-4EC1-8EEF-0121A0FB2EE1}.Debug|Any CPU.ActiveCfg = Debug|Any CPU
		{16C35966-AD4D-4EC1-8EEF-0121A0FB2EE1}.Debug|Any CPU.Build.0 = Debug|Any CPU
		{16C35966-AD4D-4EC1-8EEF-0121A0FB2EE1}.Release|Any CPU.ActiveCfg = Release|Any CPU
		{16C35966-AD4D-4EC1-8EEF-0121A0FB2EE1}.Release|Any CPU.Build.0 = Release|Any CPU
		{E3A46832-D9BA-4805-BC08-F7C36E26FEC5}.Debug|Any CPU.ActiveCfg = Debug|Any CPU
		{E3A46832-D9BA-4805-BC08-F7C36E26FEC5}.Debug|Any CPU.Build.0 = Debug|Any CPU
		{E3A46832-D9BA-4805-BC08-F7C36E26FEC5}.Release|Any CPU.ActiveCfg = Release|Any CPU
		{E3A46832-D9BA-4805-BC08-F7C36E26FEC5}.Release|Any CPU.Build.0 = Release|Any CPU
		{B8B5DC8C-065E-4ECE-821D-F67B0E6A6A38}.Debug|Any CPU.ActiveCfg = Debug|Any CPU
		{B8B5DC8C-065E-4ECE-821D-F67B0E6A6A38}.Debug|Any CPU.Build.0 = Debug|Any CPU
		{B8B5DC8C-065E-4ECE-821D-F67B0E6A6A38}.Release|Any CPU.ActiveCfg = Release|Any CPU
		{B8B5DC8C-065E-4ECE-821D-F67B0E6A6A38}.Release|Any CPU.Build.0 = Release|Any CPU
		{F532F915-7D55-4F6F-B99C-48D66DB35CE6}.Debug|Any CPU.ActiveCfg = Debug|Any CPU
		{F532F915-7D55-4F6F-B99C-48D66DB35CE6}.Debug|Any CPU.Build.0 = Debug|Any CPU
		{F532F915-7D55-4F6F-B99C-48D66DB35CE6}.Release|Any CPU.ActiveCfg = Release|Any CPU
		{F532F915-7D55-4F6F-B99C-48D66DB35CE6}.Release|Any CPU.Build.0 = Release|Any CPU
		{6FB18248-63AC-4895-BE42-75418C7C1232}.Debug|Any CPU.ActiveCfg = Debug|Any CPU
		{6FB18248-63AC-4895-BE42-75418C7C1232}.Debug|Any CPU.Build.0 = Debug|Any CPU
		{6FB18248-63AC-4895-BE42-75418C7C1232}.Release|Any CPU.ActiveCfg = Release|Any CPU
		{6FB18248-63AC-4895-BE42-75418C7C1232}.Release|Any CPU.Build.0 = Release|Any CPU
		{1CF89D84-84A6-467A-89A8-104C9DE0FECA}.Debug|Any CPU.ActiveCfg = Debug|Any CPU
		{1CF89D84-84A6-467A-89A8-104C9DE0FECA}.Debug|Any CPU.Build.0 = Debug|Any CPU
		{1CF89D84-84A6-467A-89A8-104C9DE0FECA}.Release|Any CPU.ActiveCfg = Release|Any CPU
		{1CF89D84-84A6-467A-89A8-104C9DE0FECA}.Release|Any CPU.Build.0 = Release|Any CPU
		{E757D776-4F16-4A8B-8DE1-5F58E3065938}.Debug|Any CPU.ActiveCfg = Debug|Any CPU
		{E757D776-4F16-4A8B-8DE1-5F58E3065938}.Debug|Any CPU.Build.0 = Debug|Any CPU
		{E757D776-4F16-4A8B-8DE1-5F58E3065938}.Release|Any CPU.ActiveCfg = Release|Any CPU
		{E757D776-4F16-4A8B-8DE1-5F58E3065938}.Release|Any CPU.Build.0 = Release|Any CPU
		{2DCB40D5-4799-446F-9EB5-FD61743E3B6C}.Debug|Any CPU.ActiveCfg = Debug|Any CPU
		{2DCB40D5-4799-446F-9EB5-FD61743E3B6C}.Debug|Any CPU.Build.0 = Debug|Any CPU
		{2DCB40D5-4799-446F-9EB5-FD61743E3B6C}.Release|Any CPU.ActiveCfg = Release|Any CPU
		{2DCB40D5-4799-446F-9EB5-FD61743E3B6C}.Release|Any CPU.Build.0 = Release|Any CPU
		{CFBFB7A9-B1B3-4B12-9427-C6870B377511}.Debug|Any CPU.ActiveCfg = Debug|Any CPU
		{CFBFB7A9-B1B3-4B12-9427-C6870B377511}.Debug|Any CPU.Build.0 = Debug|Any CPU
		{CFBFB7A9-B1B3-4B12-9427-C6870B377511}.Release|Any CPU.ActiveCfg = Release|Any CPU
		{CFBFB7A9-B1B3-4B12-9427-C6870B377511}.Release|Any CPU.Build.0 = Release|Any CPU
		{0518F6E6-7D96-4935-A203-F85E92C503F5}.Debug|Any CPU.ActiveCfg = Debug|Any CPU
		{0518F6E6-7D96-4935-A203-F85E92C503F5}.Debug|Any CPU.Build.0 = Debug|Any CPU
		{0518F6E6-7D96-4935-A203-F85E92C503F5}.Release|Any CPU.ActiveCfg = Release|Any CPU
		{0518F6E6-7D96-4935-A203-F85E92C503F5}.Release|Any CPU.Build.0 = Release|Any CPU
		{07BB0463-6F03-4231-99E6-CDC5DCADBB71}.Debug|Any CPU.ActiveCfg = Debug|Any CPU
		{07BB0463-6F03-4231-99E6-CDC5DCADBB71}.Debug|Any CPU.Build.0 = Debug|Any CPU
		{07BB0463-6F03-4231-99E6-CDC5DCADBB71}.Release|Any CPU.ActiveCfg = Release|Any CPU
		{07BB0463-6F03-4231-99E6-CDC5DCADBB71}.Release|Any CPU.Build.0 = Release|Any CPU
		{7DD92F89-45BD-478B-A8C9-9622B150F1B8}.Debug|Any CPU.ActiveCfg = Debug|Any CPU
		{7DD92F89-45BD-478B-A8C9-9622B150F1B8}.Debug|Any CPU.Build.0 = Debug|Any CPU
		{7DD92F89-45BD-478B-A8C9-9622B150F1B8}.Release|Any CPU.ActiveCfg = Release|Any CPU
		{7DD92F89-45BD-478B-A8C9-9622B150F1B8}.Release|Any CPU.Build.0 = Release|Any CPU
		{52347055-FA98-4584-B04C-A4FD9C5B7AA8}.Debug|Any CPU.ActiveCfg = Debug|Any CPU
		{52347055-FA98-4584-B04C-A4FD9C5B7AA8}.Debug|Any CPU.Build.0 = Debug|Any CPU
		{52347055-FA98-4584-B04C-A4FD9C5B7AA8}.Release|Any CPU.ActiveCfg = Release|Any CPU
		{52347055-FA98-4584-B04C-A4FD9C5B7AA8}.Release|Any CPU.Build.0 = Release|Any CPU
		{EAACE12B-0B6B-4EC4-B788-F354F964FE74}.Debug|Any CPU.ActiveCfg = Debug|Any CPU
		{EAACE12B-0B6B-4EC4-B788-F354F964FE74}.Debug|Any CPU.Build.0 = Debug|Any CPU
		{EAACE12B-0B6B-4EC4-B788-F354F964FE74}.Release|Any CPU.ActiveCfg = Release|Any CPU
		{EAACE12B-0B6B-4EC4-B788-F354F964FE74}.Release|Any CPU.Build.0 = Release|Any CPU
		{B58938DA-7863-4DA5-A366-1CE6C34F2556}.Debug|Any CPU.ActiveCfg = Debug|Any CPU
		{B58938DA-7863-4DA5-A366-1CE6C34F2556}.Debug|Any CPU.Build.0 = Debug|Any CPU
		{B58938DA-7863-4DA5-A366-1CE6C34F2556}.Release|Any CPU.ActiveCfg = Release|Any CPU
		{B58938DA-7863-4DA5-A366-1CE6C34F2556}.Release|Any CPU.Build.0 = Release|Any CPU
		{24F0E414-21FE-4700-B5A8-4A783459EC18}.Debug|Any CPU.ActiveCfg = Debug|Any CPU
		{24F0E414-21FE-4700-B5A8-4A783459EC18}.Debug|Any CPU.Build.0 = Debug|Any CPU
		{24F0E414-21FE-4700-B5A8-4A783459EC18}.Release|Any CPU.ActiveCfg = Release|Any CPU
		{24F0E414-21FE-4700-B5A8-4A783459EC18}.Release|Any CPU.Build.0 = Release|Any CPU
		{6D77326F-A984-4834-B8CE-443FEB246B80}.Debug|Any CPU.ActiveCfg = Debug|Any CPU
		{6D77326F-A984-4834-B8CE-443FEB246B80}.Debug|Any CPU.Build.0 = Debug|Any CPU
		{6D77326F-A984-4834-B8CE-443FEB246B80}.Release|Any CPU.ActiveCfg = Release|Any CPU
		{6D77326F-A984-4834-B8CE-443FEB246B80}.Release|Any CPU.Build.0 = Release|Any CPU
		{2B7B441E-00E7-4CEB-A7A7-92C1390182A3}.Debug|Any CPU.ActiveCfg = Debug|Any CPU
		{2B7B441E-00E7-4CEB-A7A7-92C1390182A3}.Debug|Any CPU.Build.0 = Debug|Any CPU
		{2B7B441E-00E7-4CEB-A7A7-92C1390182A3}.Release|Any CPU.ActiveCfg = Release|Any CPU
		{2B7B441E-00E7-4CEB-A7A7-92C1390182A3}.Release|Any CPU.Build.0 = Release|Any CPU
		{9EA68763-52B9-41D3-9739-4F5D4897FB26}.Debug|Any CPU.ActiveCfg = Debug|Any CPU
		{9EA68763-52B9-41D3-9739-4F5D4897FB26}.Debug|Any CPU.Build.0 = Debug|Any CPU
		{9EA68763-52B9-41D3-9739-4F5D4897FB26}.Release|Any CPU.ActiveCfg = Release|Any CPU
		{9EA68763-52B9-41D3-9739-4F5D4897FB26}.Release|Any CPU.Build.0 = Release|Any CPU
		{BD00C1ED-2D6E-447F-8776-97180D3B64F3}.Debug|Any CPU.ActiveCfg = Debug|Any CPU
		{BD00C1ED-2D6E-447F-8776-97180D3B64F3}.Debug|Any CPU.Build.0 = Debug|Any CPU
		{BD00C1ED-2D6E-447F-8776-97180D3B64F3}.Release|Any CPU.ActiveCfg = Release|Any CPU
		{BD00C1ED-2D6E-447F-8776-97180D3B64F3}.Release|Any CPU.Build.0 = Release|Any CPU
		{67FDE9BF-4C77-4E98-980F-99635C0BE052}.Debug|Any CPU.ActiveCfg = Debug|Any CPU
		{67FDE9BF-4C77-4E98-980F-99635C0BE052}.Debug|Any CPU.Build.0 = Debug|Any CPU
		{67FDE9BF-4C77-4E98-980F-99635C0BE052}.Release|Any CPU.ActiveCfg = Release|Any CPU
		{67FDE9BF-4C77-4E98-980F-99635C0BE052}.Release|Any CPU.Build.0 = Release|Any CPU
		{9A883EE1-1A8E-4A5D-8031-9E1485D0C468}.Debug|Any CPU.ActiveCfg = Debug|Any CPU
		{9A883EE1-1A8E-4A5D-8031-9E1485D0C468}.Debug|Any CPU.Build.0 = Debug|Any CPU
		{9A883EE1-1A8E-4A5D-8031-9E1485D0C468}.Release|Any CPU.ActiveCfg = Release|Any CPU
		{9A883EE1-1A8E-4A5D-8031-9E1485D0C468}.Release|Any CPU.Build.0 = Release|Any CPU
		{10E04F96-3BEE-4440-9847-6E9F9800FBA7}.Debug|Any CPU.ActiveCfg = Debug|Any CPU
		{10E04F96-3BEE-4440-9847-6E9F9800FBA7}.Debug|Any CPU.Build.0 = Debug|Any CPU
		{10E04F96-3BEE-4440-9847-6E9F9800FBA7}.Release|Any CPU.ActiveCfg = Release|Any CPU
		{10E04F96-3BEE-4440-9847-6E9F9800FBA7}.Release|Any CPU.Build.0 = Release|Any CPU
		{A4269011-09F4-456E-BAE6-02D41B9ADBF8}.Debug|Any CPU.ActiveCfg = Debug|Any CPU
		{A4269011-09F4-456E-BAE6-02D41B9ADBF8}.Debug|Any CPU.Build.0 = Debug|Any CPU
		{A4269011-09F4-456E-BAE6-02D41B9ADBF8}.Release|Any CPU.ActiveCfg = Release|Any CPU
		{A4269011-09F4-456E-BAE6-02D41B9ADBF8}.Release|Any CPU.Build.0 = Release|Any CPU
		{FEE0C1D2-4847-4702-98B8-428B1CBF4F3C}.Debug|Any CPU.ActiveCfg = Debug|Any CPU
		{FEE0C1D2-4847-4702-98B8-428B1CBF4F3C}.Debug|Any CPU.Build.0 = Debug|Any CPU
		{FEE0C1D2-4847-4702-98B8-428B1CBF4F3C}.Release|Any CPU.ActiveCfg = Release|Any CPU
		{FEE0C1D2-4847-4702-98B8-428B1CBF4F3C}.Release|Any CPU.Build.0 = Release|Any CPU
		{F3439ADA-FC69-4695-A386-5DA1EC34AA67}.Debug|Any CPU.ActiveCfg = Debug|Any CPU
		{F3439ADA-FC69-4695-A386-5DA1EC34AA67}.Debug|Any CPU.Build.0 = Debug|Any CPU
		{F3439ADA-FC69-4695-A386-5DA1EC34AA67}.Release|Any CPU.ActiveCfg = Release|Any CPU
		{F3439ADA-FC69-4695-A386-5DA1EC34AA67}.Release|Any CPU.Build.0 = Release|Any CPU
		{A5EBDA68-026A-4077-9A09-45BA3A323CDD}.Debug|Any CPU.ActiveCfg = Debug|Any CPU
		{A5EBDA68-026A-4077-9A09-45BA3A323CDD}.Debug|Any CPU.Build.0 = Debug|Any CPU
		{A5EBDA68-026A-4077-9A09-45BA3A323CDD}.Release|Any CPU.ActiveCfg = Release|Any CPU
		{A5EBDA68-026A-4077-9A09-45BA3A323CDD}.Release|Any CPU.Build.0 = Release|Any CPU
		{14E0A1E6-4A25-4EB8-A7DA-02FC11D73C73}.Debug|Any CPU.ActiveCfg = Debug|Any CPU
		{14E0A1E6-4A25-4EB8-A7DA-02FC11D73C73}.Debug|Any CPU.Build.0 = Debug|Any CPU
		{14E0A1E6-4A25-4EB8-A7DA-02FC11D73C73}.Release|Any CPU.ActiveCfg = Release|Any CPU
		{14E0A1E6-4A25-4EB8-A7DA-02FC11D73C73}.Release|Any CPU.Build.0 = Release|Any CPU
		{D0BF7404-33DF-448B-BD4D-B84AD65F1746}.Debug|Any CPU.ActiveCfg = Debug|Any CPU
		{D0BF7404-33DF-448B-BD4D-B84AD65F1746}.Debug|Any CPU.Build.0 = Debug|Any CPU
		{D0BF7404-33DF-448B-BD4D-B84AD65F1746}.Release|Any CPU.ActiveCfg = Release|Any CPU
		{D0BF7404-33DF-448B-BD4D-B84AD65F1746}.Release|Any CPU.Build.0 = Release|Any CPU
		{8DD18E16-C0FF-4E47-876B-63FF0BA88D47}.Debug|Any CPU.ActiveCfg = Debug|Any CPU
		{8DD18E16-C0FF-4E47-876B-63FF0BA88D47}.Debug|Any CPU.Build.0 = Debug|Any CPU
		{8DD18E16-C0FF-4E47-876B-63FF0BA88D47}.Release|Any CPU.ActiveCfg = Release|Any CPU
		{8DD18E16-C0FF-4E47-876B-63FF0BA88D47}.Release|Any CPU.Build.0 = Release|Any CPU
		{CA145469-7D47-4946-919D-03931730CFB1}.Debug|Any CPU.ActiveCfg = Debug|Any CPU
		{CA145469-7D47-4946-919D-03931730CFB1}.Debug|Any CPU.Build.0 = Debug|Any CPU
		{CA145469-7D47-4946-919D-03931730CFB1}.Release|Any CPU.ActiveCfg = Release|Any CPU
		{CA145469-7D47-4946-919D-03931730CFB1}.Release|Any CPU.Build.0 = Release|Any CPU
		{1FE2242F-287E-4360-AFA9-0E31F73A0E61}.Debug|Any CPU.ActiveCfg = Debug|Any CPU
		{1FE2242F-287E-4360-AFA9-0E31F73A0E61}.Debug|Any CPU.Build.0 = Debug|Any CPU
		{1FE2242F-287E-4360-AFA9-0E31F73A0E61}.Release|Any CPU.ActiveCfg = Release|Any CPU
		{1FE2242F-287E-4360-AFA9-0E31F73A0E61}.Release|Any CPU.Build.0 = Release|Any CPU
		{EC29C740-D372-40AB-9A70-1F0E4D722484}.Debug|Any CPU.ActiveCfg = Debug|Any CPU
		{EC29C740-D372-40AB-9A70-1F0E4D722484}.Debug|Any CPU.Build.0 = Debug|Any CPU
		{EC29C740-D372-40AB-9A70-1F0E4D722484}.Release|Any CPU.ActiveCfg = Release|Any CPU
		{EC29C740-D372-40AB-9A70-1F0E4D722484}.Release|Any CPU.Build.0 = Release|Any CPU
		{CC1C4D1D-0119-43EC-8C82-73121427BAA8}.Debug|Any CPU.ActiveCfg = Debug|Any CPU
		{CC1C4D1D-0119-43EC-8C82-73121427BAA8}.Debug|Any CPU.Build.0 = Debug|Any CPU
		{CC1C4D1D-0119-43EC-8C82-73121427BAA8}.Release|Any CPU.ActiveCfg = Release|Any CPU
		{CC1C4D1D-0119-43EC-8C82-73121427BAA8}.Release|Any CPU.Build.0 = Release|Any CPU
		{F2B30663-633D-45C9-AA43-B799BB815A86}.Debug|Any CPU.ActiveCfg = Debug|Any CPU
		{F2B30663-633D-45C9-AA43-B799BB815A86}.Debug|Any CPU.Build.0 = Debug|Any CPU
		{F2B30663-633D-45C9-AA43-B799BB815A86}.Release|Any CPU.ActiveCfg = Release|Any CPU
		{F2B30663-633D-45C9-AA43-B799BB815A86}.Release|Any CPU.Build.0 = Release|Any CPU
		{D38BE977-17E8-4FC9-9F96-0EDDF99B4F55}.Debug|Any CPU.ActiveCfg = Debug|Any CPU
		{D38BE977-17E8-4FC9-9F96-0EDDF99B4F55}.Debug|Any CPU.Build.0 = Debug|Any CPU
		{D38BE977-17E8-4FC9-9F96-0EDDF99B4F55}.Release|Any CPU.ActiveCfg = Release|Any CPU
		{D38BE977-17E8-4FC9-9F96-0EDDF99B4F55}.Release|Any CPU.Build.0 = Release|Any CPU
		{90BA52A6-F15B-4E1E-B092-9F8EEC3816AB}.Debug|Any CPU.ActiveCfg = Debug|Any CPU
		{90BA52A6-F15B-4E1E-B092-9F8EEC3816AB}.Debug|Any CPU.Build.0 = Debug|Any CPU
		{90BA52A6-F15B-4E1E-B092-9F8EEC3816AB}.Release|Any CPU.ActiveCfg = Release|Any CPU
		{90BA52A6-F15B-4E1E-B092-9F8EEC3816AB}.Release|Any CPU.Build.0 = Release|Any CPU
		{40C4D7D8-4EB3-4108-A8AF-E6782EF8B226}.Debug|Any CPU.ActiveCfg = Debug|Any CPU
		{40C4D7D8-4EB3-4108-A8AF-E6782EF8B226}.Debug|Any CPU.Build.0 = Debug|Any CPU
		{40C4D7D8-4EB3-4108-A8AF-E6782EF8B226}.Release|Any CPU.ActiveCfg = Release|Any CPU
		{40C4D7D8-4EB3-4108-A8AF-E6782EF8B226}.Release|Any CPU.Build.0 = Release|Any CPU
		{C510ABE4-A521-4477-899D-A661AD39853D}.Debug|Any CPU.ActiveCfg = Debug|Any CPU
		{C510ABE4-A521-4477-899D-A661AD39853D}.Debug|Any CPU.Build.0 = Debug|Any CPU
		{C510ABE4-A521-4477-899D-A661AD39853D}.Release|Any CPU.ActiveCfg = Release|Any CPU
		{C510ABE4-A521-4477-899D-A661AD39853D}.Release|Any CPU.Build.0 = Release|Any CPU
		{6BC0AD23-79C2-4A88-BFFD-3C32972D5FA6}.Debug|Any CPU.ActiveCfg = Debug|Any CPU
		{6BC0AD23-79C2-4A88-BFFD-3C32972D5FA6}.Debug|Any CPU.Build.0 = Debug|Any CPU
		{6BC0AD23-79C2-4A88-BFFD-3C32972D5FA6}.Release|Any CPU.ActiveCfg = Release|Any CPU
		{6BC0AD23-79C2-4A88-BFFD-3C32972D5FA6}.Release|Any CPU.Build.0 = Release|Any CPU
		{585879D4-2131-4421-BCCA-2642E9A171D6}.Debug|Any CPU.ActiveCfg = Debug|Any CPU
		{585879D4-2131-4421-BCCA-2642E9A171D6}.Debug|Any CPU.Build.0 = Debug|Any CPU
		{585879D4-2131-4421-BCCA-2642E9A171D6}.Release|Any CPU.ActiveCfg = Release|Any CPU
		{585879D4-2131-4421-BCCA-2642E9A171D6}.Release|Any CPU.Build.0 = Release|Any CPU
		{A56BA7C9-AD18-441C-B16E-910582ECB976}.Debug|Any CPU.ActiveCfg = Debug|Any CPU
		{A56BA7C9-AD18-441C-B16E-910582ECB976}.Debug|Any CPU.Build.0 = Debug|Any CPU
		{A56BA7C9-AD18-441C-B16E-910582ECB976}.Release|Any CPU.ActiveCfg = Release|Any CPU
		{A56BA7C9-AD18-441C-B16E-910582ECB976}.Release|Any CPU.Build.0 = Release|Any CPU
		{B6736ED2-3C56-46BD-BEC0-8BC2A7546B28}.Debug|Any CPU.ActiveCfg = Debug|Any CPU
		{B6736ED2-3C56-46BD-BEC0-8BC2A7546B28}.Debug|Any CPU.Build.0 = Debug|Any CPU
		{B6736ED2-3C56-46BD-BEC0-8BC2A7546B28}.Release|Any CPU.ActiveCfg = Release|Any CPU
		{B6736ED2-3C56-46BD-BEC0-8BC2A7546B28}.Release|Any CPU.Build.0 = Release|Any CPU
		{0D5220D8-6C02-4A03-8F7D-52C065AB3CC3}.Debug|Any CPU.ActiveCfg = Debug|Any CPU
		{0D5220D8-6C02-4A03-8F7D-52C065AB3CC3}.Debug|Any CPU.Build.0 = Debug|Any CPU
		{0D5220D8-6C02-4A03-8F7D-52C065AB3CC3}.Release|Any CPU.ActiveCfg = Release|Any CPU
		{0D5220D8-6C02-4A03-8F7D-52C065AB3CC3}.Release|Any CPU.Build.0 = Release|Any CPU
		{72C477AC-6598-408A-9F9B-FC383831C4E1}.Debug|Any CPU.ActiveCfg = Debug|Any CPU
		{72C477AC-6598-408A-9F9B-FC383831C4E1}.Debug|Any CPU.Build.0 = Debug|Any CPU
		{72C477AC-6598-408A-9F9B-FC383831C4E1}.Release|Any CPU.ActiveCfg = Release|Any CPU
		{72C477AC-6598-408A-9F9B-FC383831C4E1}.Release|Any CPU.Build.0 = Release|Any CPU
		{4A55401D-C0D3-4D7D-99F6-40F56FB75C7B}.Debug|Any CPU.ActiveCfg = Debug|Any CPU
		{4A55401D-C0D3-4D7D-99F6-40F56FB75C7B}.Debug|Any CPU.Build.0 = Debug|Any CPU
		{4A55401D-C0D3-4D7D-99F6-40F56FB75C7B}.Release|Any CPU.ActiveCfg = Release|Any CPU
		{4A55401D-C0D3-4D7D-99F6-40F56FB75C7B}.Release|Any CPU.Build.0 = Release|Any CPU
		{CD0488F4-1895-4807-8678-173E02A97A99}.Debug|Any CPU.ActiveCfg = Debug|Any CPU
		{CD0488F4-1895-4807-8678-173E02A97A99}.Debug|Any CPU.Build.0 = Debug|Any CPU
		{CD0488F4-1895-4807-8678-173E02A97A99}.Release|Any CPU.ActiveCfg = Release|Any CPU
		{CD0488F4-1895-4807-8678-173E02A97A99}.Release|Any CPU.Build.0 = Release|Any CPU
	EndGlobalSection
	GlobalSection(SolutionProperties) = preSolution
		HideSolutionNode = FALSE
	EndGlobalSection
	GlobalSection(NestedProjects) = preSolution
		{60494822-0890-4708-B11F-6A0B0CB48C44} = {9AE8AAD3-FC27-484A-AFF2-6B70700E9616}
		{A635730A-AF9F-4F0C-A43E-9D5F7914B89A} = {957D1D65-DFFA-4BEF-AD96-106C49959830}
		{F506953E-7CE8-4C16-B892-3B0D2B97BE19} = {957D1D65-DFFA-4BEF-AD96-106C49959830}
		{03E82E7C-1D62-4014-B039-D6F58518D315} = {957D1D65-DFFA-4BEF-AD96-106C49959830}
		{C9342151-FD83-4E17-A8AC-52A6F0E62EE7} = {6BA1D02F-6686-4937-85C2-CD1AF55EA25F}
		{4C520DD8-5437-4AAA-AD6D-61ADD4DC486B} = {6BA1D02F-6686-4937-85C2-CD1AF55EA25F}
		{3FAD0731-6C99-4924-B56B-381BE7924BE1} = {6BA1D02F-6686-4937-85C2-CD1AF55EA25F}
		{736A2B66-BBEE-41E3-B9DB-C640CDA550D6} = {6BA1D02F-6686-4937-85C2-CD1AF55EA25F}
		{B9D0DDF2-2DFB-4B4D-A8FF-6C695F7FEE7D} = {6BA1D02F-6686-4937-85C2-CD1AF55EA25F}
		{A35F12A9-CFB5-47D3-B0F2-D3C3CDA4DC72} = {6BA1D02F-6686-4937-85C2-CD1AF55EA25F}
		{E26DFA07-4F23-4FB9-B295-CB30DE7CA222} = {6BA1D02F-6686-4937-85C2-CD1AF55EA25F}
		{4649C8BE-67BC-4FC2-BD5A-829655B2A924} = {6BA1D02F-6686-4937-85C2-CD1AF55EA25F}
		{B329CCB2-E6D8-4703-9ACB-DA7852DA6B7C} = {6BA1D02F-6686-4937-85C2-CD1AF55EA25F}
		{8798DF95-17E4-4188-B1F8-91E22D21BED0} = {6BA1D02F-6686-4937-85C2-CD1AF55EA25F}
		{4EC8D8F8-A7FB-4A12-AC90-1DFEB575B095} = {6BA1D02F-6686-4937-85C2-CD1AF55EA25F}
		{688A5FAF-6597-4FFD-8F1B-C0D9C22CB304} = {6BA1D02F-6686-4937-85C2-CD1AF55EA25F}
		{A5A5A17B-BB4E-4116-A06F-FD6654A862C1} = {6BA1D02F-6686-4937-85C2-CD1AF55EA25F}
		{AA8D654F-6A40-49A3-BAD1-B482952FDDFA} = {6BA1D02F-6686-4937-85C2-CD1AF55EA25F}
		{2075E778-3752-4641-923A-C9868EC73FE2} = {6BA1D02F-6686-4937-85C2-CD1AF55EA25F}
		{2455EF53-1F08-49ED-B611-ECECCE91660D} = {6BA1D02F-6686-4937-85C2-CD1AF55EA25F}
		{83C06ACB-2599-4CE6-BAC1-3E4B1583D6BD} = {6BA1D02F-6686-4937-85C2-CD1AF55EA25F}
		{4112539F-34BB-49E2-A560-B7BA80D51214} = {6BA1D02F-6686-4937-85C2-CD1AF55EA25F}
		{74011051-42C9-40D9-BBBB-85FD16D498EC} = {6BA1D02F-6686-4937-85C2-CD1AF55EA25F}
		{6BA1D02F-6686-4937-85C2-CD1AF55EA25F} = {A635730A-AF9F-4F0C-A43E-9D5F7914B89A}
		{5AB12B10-994B-4BD3-8F60-2E2DF738CE9D} = {A635730A-AF9F-4F0C-A43E-9D5F7914B89A}
		{701A7928-9604-4AC0-8FB1-B9B4E0A0FC78} = {A635730A-AF9F-4F0C-A43E-9D5F7914B89A}
		{4FA11EE6-9E75-46F6-B81A-F237432F7DA8} = {A635730A-AF9F-4F0C-A43E-9D5F7914B89A}
		{CBC3E5D2-8A81-4F88-8AFA-1ECA2FA4A318} = {6BA1D02F-6686-4937-85C2-CD1AF55EA25F}
		{A9B24A40-C418-419C-8A07-29758993C150} = {6BA1D02F-6686-4937-85C2-CD1AF55EA25F}
		{16C35966-AD4D-4EC1-8EEF-0121A0FB2EE1} = {6BA1D02F-6686-4937-85C2-CD1AF55EA25F}
		{E3A46832-D9BA-4805-BC08-F7C36E26FEC5} = {6BA1D02F-6686-4937-85C2-CD1AF55EA25F}
		{B8B5DC8C-065E-4ECE-821D-F67B0E6A6A38} = {6BA1D02F-6686-4937-85C2-CD1AF55EA25F}
		{F532F915-7D55-4F6F-B99C-48D66DB35CE6} = {6BA1D02F-6686-4937-85C2-CD1AF55EA25F}
		{6FB18248-63AC-4895-BE42-75418C7C1232} = {6BA1D02F-6686-4937-85C2-CD1AF55EA25F}
		{1CF89D84-84A6-467A-89A8-104C9DE0FECA} = {6BA1D02F-6686-4937-85C2-CD1AF55EA25F}
		{E757D776-4F16-4A8B-8DE1-5F58E3065938} = {6BA1D02F-6686-4937-85C2-CD1AF55EA25F}
		{2DCB40D5-4799-446F-9EB5-FD61743E3B6C} = {6BA1D02F-6686-4937-85C2-CD1AF55EA25F}
		{CFBFB7A9-B1B3-4B12-9427-C6870B377511} = {6BA1D02F-6686-4937-85C2-CD1AF55EA25F}
		{0518F6E6-7D96-4935-A203-F85E92C503F5} = {6BA1D02F-6686-4937-85C2-CD1AF55EA25F}
		{07BB0463-6F03-4231-99E6-CDC5DCADBB71} = {6BA1D02F-6686-4937-85C2-CD1AF55EA25F}
		{7DD92F89-45BD-478B-A8C9-9622B150F1B8} = {6BA1D02F-6686-4937-85C2-CD1AF55EA25F}
		{52347055-FA98-4584-B04C-A4FD9C5B7AA8} = {6BA1D02F-6686-4937-85C2-CD1AF55EA25F}
		{EAACE12B-0B6B-4EC4-B788-F354F964FE74} = {27792212-6A61-4815-9A90-6402382BD7CC}
		{B58938DA-7863-4DA5-A366-1CE6C34F2556} = {27792212-6A61-4815-9A90-6402382BD7CC}
		{24F0E414-21FE-4700-B5A8-4A783459EC18} = {23FD6B17-9A4C-4301-B41C-E745C1F69C89}
		{6D77326F-A984-4834-B8CE-443FEB246B80} = {5AB12B10-994B-4BD3-8F60-2E2DF738CE9D}
		{2B7B441E-00E7-4CEB-A7A7-92C1390182A3} = {5AB12B10-994B-4BD3-8F60-2E2DF738CE9D}
		{9EA68763-52B9-41D3-9739-4F5D4897FB26} = {5AB12B10-994B-4BD3-8F60-2E2DF738CE9D}
		{BD00C1ED-2D6E-447F-8776-97180D3B64F3} = {5AB12B10-994B-4BD3-8F60-2E2DF738CE9D}
		{67FDE9BF-4C77-4E98-980F-99635C0BE052} = {5AB12B10-994B-4BD3-8F60-2E2DF738CE9D}
		{9A883EE1-1A8E-4A5D-8031-9E1485D0C468} = {5AB12B10-994B-4BD3-8F60-2E2DF738CE9D}
		{10E04F96-3BEE-4440-9847-6E9F9800FBA7} = {5AB12B10-994B-4BD3-8F60-2E2DF738CE9D}
		{A4269011-09F4-456E-BAE6-02D41B9ADBF8} = {5AB12B10-994B-4BD3-8F60-2E2DF738CE9D}
		{FEE0C1D2-4847-4702-98B8-428B1CBF4F3C} = {5AB12B10-994B-4BD3-8F60-2E2DF738CE9D}
		{F3439ADA-FC69-4695-A386-5DA1EC34AA67} = {5AB12B10-994B-4BD3-8F60-2E2DF738CE9D}
		{A5EBDA68-026A-4077-9A09-45BA3A323CDD} = {5AB12B10-994B-4BD3-8F60-2E2DF738CE9D}
		{14E0A1E6-4A25-4EB8-A7DA-02FC11D73C73} = {701A7928-9604-4AC0-8FB1-B9B4E0A0FC78}
		{D0BF7404-33DF-448B-BD4D-B84AD65F1746} = {701A7928-9604-4AC0-8FB1-B9B4E0A0FC78}
		{8DD18E16-C0FF-4E47-876B-63FF0BA88D47} = {701A7928-9604-4AC0-8FB1-B9B4E0A0FC78}
		{CA145469-7D47-4946-919D-03931730CFB1} = {701A7928-9604-4AC0-8FB1-B9B4E0A0FC78}
		{1FE2242F-287E-4360-AFA9-0E31F73A0E61} = {701A7928-9604-4AC0-8FB1-B9B4E0A0FC78}
		{EC29C740-D372-40AB-9A70-1F0E4D722484} = {701A7928-9604-4AC0-8FB1-B9B4E0A0FC78}
		{CC1C4D1D-0119-43EC-8C82-73121427BAA8} = {701A7928-9604-4AC0-8FB1-B9B4E0A0FC78}
		{F2B30663-633D-45C9-AA43-B799BB815A86} = {701A7928-9604-4AC0-8FB1-B9B4E0A0FC78}
		{D38BE977-17E8-4FC9-9F96-0EDDF99B4F55} = {701A7928-9604-4AC0-8FB1-B9B4E0A0FC78}
		{90BA52A6-F15B-4E1E-B092-9F8EEC3816AB} = {701A7928-9604-4AC0-8FB1-B9B4E0A0FC78}
		{40C4D7D8-4EB3-4108-A8AF-E6782EF8B226} = {701A7928-9604-4AC0-8FB1-B9B4E0A0FC78}
		{C510ABE4-A521-4477-899D-A661AD39853D} = {701A7928-9604-4AC0-8FB1-B9B4E0A0FC78}
		{6BC0AD23-79C2-4A88-BFFD-3C32972D5FA6} = {701A7928-9604-4AC0-8FB1-B9B4E0A0FC78}
		{585879D4-2131-4421-BCCA-2642E9A171D6} = {701A7928-9604-4AC0-8FB1-B9B4E0A0FC78}
		{A56BA7C9-AD18-441C-B16E-910582ECB976} = {701A7928-9604-4AC0-8FB1-B9B4E0A0FC78}
		{B6736ED2-3C56-46BD-BEC0-8BC2A7546B28} = {701A7928-9604-4AC0-8FB1-B9B4E0A0FC78}
		{0D5220D8-6C02-4A03-8F7D-52C065AB3CC3} = {701A7928-9604-4AC0-8FB1-B9B4E0A0FC78}
		{72C477AC-6598-408A-9F9B-FC383831C4E1} = {701A7928-9604-4AC0-8FB1-B9B4E0A0FC78}
		{4A55401D-C0D3-4D7D-99F6-40F56FB75C7B} = {27792212-6A61-4815-9A90-6402382BD7CC}
		{A7177AF5-AFAA-4C14-9CA4-C6A14476E0A0} = {F506953E-7CE8-4C16-B892-3B0D2B97BE19}
		{CD0488F4-1895-4807-8678-173E02A97A99} = {A7177AF5-AFAA-4C14-9CA4-C6A14476E0A0}
	EndGlobalSection
EndGlobal
