
Microsoft Visual Studio Solution File, Format Version 12.00
# Visual Studio 14
VisualStudioVersion = 14.0.25420.1
MinimumVisualStudioVersion = 10.0.40219.1
Project("{FAE04EC0-301F-11D3-BF4B-00C04F79EFBC}") = "EncapsulationExample", "ClassLibrary1\EncapsulationExample.csproj", "{60494822-0890-4708-B11F-6A0B0CB48C44}"
EndProject
Project("{2150E333-8FDC-42A3-9474-1A3956D46DE8}") = "EncapsulationExample", "EncapsulationExample", "{9AE8AAD3-FC27-484A-AFF2-6B70700E9616}"
	ProjectSection(SolutionItems) = preProject
		EncapsulationNotes.txt = EncapsulationNotes.txt
	EndProjectSection
EndProject
Project("{2150E333-8FDC-42A3-9474-1A3956D46DE8}") = "ExamRefBook(70-483)", "ExamRefBook(70-483)", "{957D1D65-DFFA-4BEF-AD96-106C49959830}"
EndProject
Project("{2150E333-8FDC-42A3-9474-1A3956D46DE8}") = "Chapter1", "Chapter1", "{A635730A-AF9F-4F0C-A43E-9D5F7914B89A}"
EndProject
Project("{2150E333-8FDC-42A3-9474-1A3956D46DE8}") = "Chapter2", "Chapter2", "{F506953E-7CE8-4C16-B892-3B0D2B97BE19}"
EndProject
Project("{2150E333-8FDC-42A3-9474-1A3956D46DE8}") = "Chapter3", "Chapter3", "{03E82E7C-1D62-4014-B039-D6F58518D315}"
EndProject
Project("{FAE04EC0-301F-11D3-BF4B-00C04F79EFBC}") = "Listing1-01_CreatingThreads", "Listing1-1_CreatingThreads\Listing1-01_CreatingThreads.csproj", "{C9342151-FD83-4E17-A8AC-52A6F0E62EE7}"
EndProject
Project("{FAE04EC0-301F-11D3-BF4B-00C04F79EFBC}") = "Listing1-02_BackgroundThreads", "Listing1-2_BackgroundThreads\Listing1-02_BackgroundThreads.csproj", "{4C520DD8-5437-4AAA-AD6D-61ADD4DC486B}"
EndProject
Project("{FAE04EC0-301F-11D3-BF4B-00C04F79EFBC}") = "Listing1-03_ParameterizedThreadStarts", "Listing1-3_ParameterizedThreadStarts\Listing1-03_ParameterizedThreadStarts.csproj", "{3FAD0731-6C99-4924-B56B-381BE7924BE1}"
EndProject
Project("{FAE04EC0-301F-11D3-BF4B-00C04F79EFBC}") = "Listing1-04_StoppingThreads", "Listing1-4_StoppingThreads\Listing1-04_StoppingThreads.csproj", "{736A2B66-BBEE-41E3-B9DB-C640CDA550D6}"
EndProject
Project("{FAE04EC0-301F-11D3-BF4B-00C04F79EFBC}") = "Listing1-05_ThreadStaticAttributes", "Listing1-5_ThreadStaticAttributes\Listing1-05_ThreadStaticAttributes.csproj", "{B9D0DDF2-2DFB-4B4D-A8FF-6C695F7FEE7D}"
EndProject
Project("{FAE04EC0-301F-11D3-BF4B-00C04F79EFBC}") = "Listing1-06_UsingThreadLocal", "Listing1-6_UsingThreadLocal\Listing1-06_UsingThreadLocal.csproj", "{A35F12A9-CFB5-47D3-B0F2-D3C3CDA4DC72}"
EndProject
Project("{FAE04EC0-301F-11D3-BF4B-00C04F79EFBC}") = "Listing1-07_QueuingWorkToThreadPools", "Listing1-7_UsingThreadPools\Listing1-07_QueuingWorkToThreadPools.csproj", "{E26DFA07-4F23-4FB9-B295-CB30DE7CA222}"
EndProject
Project("{FAE04EC0-301F-11D3-BF4B-00C04F79EFBC}") = "Listing1-08_StartingTasks", "Listing1-8_StartingTasks\Listing1-08_StartingTasks.csproj", "{4649C8BE-67BC-4FC2-BD5A-829655B2A924}"
EndProject
Project("{FAE04EC0-301F-11D3-BF4B-00C04F79EFBC}") = "Listing1-09_UsingTasks", "Listing1-9_UsingTasks\Listing1-09_UsingTasks.csproj", "{B329CCB2-E6D8-4703-9ACB-DA7852DA6B7C}"
EndProject
Project("{FAE04EC0-301F-11D3-BF4B-00C04F79EFBC}") = "Listing1-10_AddingContinuations", "Listing1-10_AddingContinuations\Listing1-10_AddingContinuations.csproj", "{8798DF95-17E4-4188-B1F8-91E22D21BED0}"
EndProject
Project("{FAE04EC0-301F-11D3-BF4B-00C04F79EFBC}") = "Listing1-11_SchedulingContinuationTasks", "Listing1-11_SchedulingContinuationTasks\Listing1-11_SchedulingContinuationTasks.csproj", "{4EC8D8F8-A7FB-4A12-AC90-1DFEB575B095}"
EndProject
Project("{FAE04EC0-301F-11D3-BF4B-00C04F79EFBC}") = "Listing1-12_AttachingChildToParentTasks", "Listing1-12_AttachingChildToParentTasks\Listing1-12_AttachingChildToParentTasks.csproj", "{688A5FAF-6597-4FFD-8F1B-C0D9C22CB304}"
EndProject
Project("{FAE04EC0-301F-11D3-BF4B-00C04F79EFBC}") = "Listing1-13_UsingTaskFactories", "Listing1-13_UsingTaskFactories\Listing1-13_UsingTaskFactories.csproj", "{A5A5A17B-BB4E-4116-A06F-FD6654A862C1}"
EndProject
Project("{FAE04EC0-301F-11D3-BF4B-00C04F79EFBC}") = "Listing1-14_UsingTaskWaitAll", "Listing1-14_UsingTaskWaitAll\Listing1-14_UsingTaskWaitAll.csproj", "{AA8D654F-6A40-49A3-BAD1-B482952FDDFA}"
EndProject
Project("{FAE04EC0-301F-11D3-BF4B-00C04F79EFBC}") = "Listing1-15_UsingTaskWaitAny", "Listing1-15_UsingTaskWaitAny\Listing1-15_UsingTaskWaitAny.csproj", "{2075E778-3752-4641-923A-C9868EC73FE2}"
EndProject
Project("{FAE04EC0-301F-11D3-BF4B-00C04F79EFBC}") = "Listing1-16_UsingParallelForAndForeach", "Listing1-16_UsingParallelForAndForeach\Listing1-16_UsingParallelForAndForeach.csproj", "{2455EF53-1F08-49ED-B611-ECECCE91660D}"
EndProject
Project("{FAE04EC0-301F-11D3-BF4B-00C04F79EFBC}") = "Listing1-17_UsingParallelBreak", "Listing1-17_UsingParallelBreak\Listing1-17_UsingParallelBreak.csproj", "{83C06ACB-2599-4CE6-BAC1-3E4B1583D6BD}"
EndProject
Project("{FAE04EC0-301F-11D3-BF4B-00C04F79EFBC}") = "Listing1-18_AsyncAndAwait", "Listing1-18_AsyncAndAwait\Listing1-18_AsyncAndAwait.csproj", "{4112539F-34BB-49E2-A560-B7BA80D51214}"
EndProject
Project("{FAE04EC0-301F-11D3-BF4B-00C04F79EFBC}") = "Listing1-19_ScalabilityVsResponsiveness", "Listing1-19_ScalabilityVsResponsiveness\Listing1-19_ScalabilityVsResponsiveness.csproj", "{74011051-42C9-40D9-BBBB-85FD16D498EC}"
EndProject
Project("{2150E333-8FDC-42A3-9474-1A3956D46DE8}") = "Objective_1-1", "Objective_1-1", "{6BA1D02F-6686-4937-85C2-CD1AF55EA25F}"
EndProject
Project("{2150E333-8FDC-42A3-9474-1A3956D46DE8}") = "Objective_1-2", "Objective_1-2", "{5AB12B10-994B-4BD3-8F60-2E2DF738CE9D}"
EndProject
Project("{2150E333-8FDC-42A3-9474-1A3956D46DE8}") = "Objective_1-3", "Objective_1-3", "{701A7928-9604-4AC0-8FB1-B9B4E0A0FC78}"
EndProject
Project("{2150E333-8FDC-42A3-9474-1A3956D46DE8}") = "Objective_1-4", "Objective_1-4", "{4FA11EE6-9E75-46F6-B81A-F237432F7DA8}"
EndProject
Project("{FAE04EC0-301F-11D3-BF4B-00C04F79EFBC}") = "Listing1-20_UsingConfigureAwait", "Listing1-20_UsingConfigureAwait\Listing1-20_UsingConfigureAwait.csproj", "{CBC3E5D2-8A81-4F88-8AFA-1ECA2FA4A318}"
EndProject
Project("{FAE04EC0-301F-11D3-BF4B-00C04F79EFBC}") = "Listing1-21_ContinuingOnThreadPoolInsteadOfUIThread", "Listing1-21_ContinuingOnThreadPoolInsteadOfUIThread\Listing1-21_ContinuingOnThreadPoolInsteadOfUIThread.csproj", "{A9B24A40-C418-419C-8A07-29758993C150}"
EndProject
Project("{FAE04EC0-301F-11D3-BF4B-00C04F79EFBC}") = "Listing1-22_UsingAsParallel", "Listing1-22_UsingAsParallel\Listing1-22_UsingAsParallel.csproj", "{16C35966-AD4D-4EC1-8EEF-0121A0FB2EE1}"
EndProject
Project("{FAE04EC0-301F-11D3-BF4B-00C04F79EFBC}") = "Listing1-23_ UnorderedParallelQuery", "Listing1-23_ UnorderedParallelQuery\Listing1-23_ UnorderedParallelQuery.csproj", "{E3A46832-D9BA-4805-BC08-F7C36E26FEC5}"
EndProject
Project("{FAE04EC0-301F-11D3-BF4B-00C04F79EFBC}") = "Listing1-24_OrderedParallelQuery", "Listing1-24_OrderedParallelQuery\Listing1-24_OrderedParallelQuery.csproj", "{B8B5DC8C-065E-4ECE-821D-F67B0E6A6A38}"
EndProject
Project("{FAE04EC0-301F-11D3-BF4B-00C04F79EFBC}") = "Listing1-25_MakingAParallelQuerySequential", "Listing1-25_MakingAParallelQuerySequential\Listing1-25_MakingAParallelQuerySequential.csproj", "{F532F915-7D55-4F6F-B99C-48D66DB35CE6}"
EndProject
Project("{FAE04EC0-301F-11D3-BF4B-00C04F79EFBC}") = "Listing1-26_UsingForAll", "Listing1-26_UsingForAll\Listing1-26_UsingForAll.csproj", "{6FB18248-63AC-4895-BE42-75418C7C1232}"
EndProject
Project("{FAE04EC0-301F-11D3-BF4B-00C04F79EFBC}") = "Listing1-27_CatchingAggregateExceptions", "Listing1-27_CatchingAggregateExceptions\Listing1-27_CatchingAggregateExceptions.csproj", "{1CF89D84-84A6-467A-89A8-104C9DE0FECA}"
EndProject
Project("{FAE04EC0-301F-11D3-BF4B-00C04F79EFBC}") = "Listing1-28_UsingBlockingCollection", "Listing1-28_UsingBlockingCollection\Listing1-28_UsingBlockingCollection.csproj", "{E757D776-4F16-4A8B-8DE1-5F58E3065938}"
EndProject
Project("{FAE04EC0-301F-11D3-BF4B-00C04F79EFBC}") = "Listing1-29_UsingGetConsumingEnumerable", "Listing1-29_UsingGetConsumingEnumerable\Listing1-29_UsingGetConsumingEnumerable.csproj", "{2DCB40D5-4799-446F-9EB5-FD61743E3B6C}"
EndProject
Project("{FAE04EC0-301F-11D3-BF4B-00C04F79EFBC}") = "Listing1-30_UsingAConcurrentBag", "Listing1-30_UsingAConcurrentBag\Listing1-30_UsingAConcurrentBag.csproj", "{CFBFB7A9-B1B3-4B12-9427-C6870B377511}"
EndProject
Global
	GlobalSection(SolutionConfigurationPlatforms) = preSolution
		Debug|Any CPU = Debug|Any CPU
		Release|Any CPU = Release|Any CPU
	EndGlobalSection
	GlobalSection(ProjectConfigurationPlatforms) = postSolution
		{60494822-0890-4708-B11F-6A0B0CB48C44}.Debug|Any CPU.ActiveCfg = Debug|Any CPU
		{60494822-0890-4708-B11F-6A0B0CB48C44}.Debug|Any CPU.Build.0 = Debug|Any CPU
		{60494822-0890-4708-B11F-6A0B0CB48C44}.Release|Any CPU.ActiveCfg = Release|Any CPU
		{60494822-0890-4708-B11F-6A0B0CB48C44}.Release|Any CPU.Build.0 = Release|Any CPU
		{C9342151-FD83-4E17-A8AC-52A6F0E62EE7}.Debug|Any CPU.ActiveCfg = Debug|Any CPU
		{C9342151-FD83-4E17-A8AC-52A6F0E62EE7}.Debug|Any CPU.Build.0 = Debug|Any CPU
		{C9342151-FD83-4E17-A8AC-52A6F0E62EE7}.Release|Any CPU.ActiveCfg = Release|Any CPU
		{C9342151-FD83-4E17-A8AC-52A6F0E62EE7}.Release|Any CPU.Build.0 = Release|Any CPU
		{4C520DD8-5437-4AAA-AD6D-61ADD4DC486B}.Debug|Any CPU.ActiveCfg = Debug|Any CPU
		{4C520DD8-5437-4AAA-AD6D-61ADD4DC486B}.Debug|Any CPU.Build.0 = Debug|Any CPU
		{4C520DD8-5437-4AAA-AD6D-61ADD4DC486B}.Release|Any CPU.ActiveCfg = Release|Any CPU
		{4C520DD8-5437-4AAA-AD6D-61ADD4DC486B}.Release|Any CPU.Build.0 = Release|Any CPU
		{3FAD0731-6C99-4924-B56B-381BE7924BE1}.Debug|Any CPU.ActiveCfg = Debug|Any CPU
		{3FAD0731-6C99-4924-B56B-381BE7924BE1}.Debug|Any CPU.Build.0 = Debug|Any CPU
		{3FAD0731-6C99-4924-B56B-381BE7924BE1}.Release|Any CPU.ActiveCfg = Release|Any CPU
		{3FAD0731-6C99-4924-B56B-381BE7924BE1}.Release|Any CPU.Build.0 = Release|Any CPU
		{736A2B66-BBEE-41E3-B9DB-C640CDA550D6}.Debug|Any CPU.ActiveCfg = Debug|Any CPU
		{736A2B66-BBEE-41E3-B9DB-C640CDA550D6}.Debug|Any CPU.Build.0 = Debug|Any CPU
		{736A2B66-BBEE-41E3-B9DB-C640CDA550D6}.Release|Any CPU.ActiveCfg = Release|Any CPU
		{736A2B66-BBEE-41E3-B9DB-C640CDA550D6}.Release|Any CPU.Build.0 = Release|Any CPU
		{B9D0DDF2-2DFB-4B4D-A8FF-6C695F7FEE7D}.Debug|Any CPU.ActiveCfg = Debug|Any CPU
		{B9D0DDF2-2DFB-4B4D-A8FF-6C695F7FEE7D}.Debug|Any CPU.Build.0 = Debug|Any CPU
		{B9D0DDF2-2DFB-4B4D-A8FF-6C695F7FEE7D}.Release|Any CPU.ActiveCfg = Release|Any CPU
		{B9D0DDF2-2DFB-4B4D-A8FF-6C695F7FEE7D}.Release|Any CPU.Build.0 = Release|Any CPU
		{A35F12A9-CFB5-47D3-B0F2-D3C3CDA4DC72}.Debug|Any CPU.ActiveCfg = Debug|Any CPU
		{A35F12A9-CFB5-47D3-B0F2-D3C3CDA4DC72}.Debug|Any CPU.Build.0 = Debug|Any CPU
		{A35F12A9-CFB5-47D3-B0F2-D3C3CDA4DC72}.Release|Any CPU.ActiveCfg = Release|Any CPU
		{A35F12A9-CFB5-47D3-B0F2-D3C3CDA4DC72}.Release|Any CPU.Build.0 = Release|Any CPU
		{E26DFA07-4F23-4FB9-B295-CB30DE7CA222}.Debug|Any CPU.ActiveCfg = Debug|Any CPU
		{E26DFA07-4F23-4FB9-B295-CB30DE7CA222}.Debug|Any CPU.Build.0 = Debug|Any CPU
		{E26DFA07-4F23-4FB9-B295-CB30DE7CA222}.Release|Any CPU.ActiveCfg = Release|Any CPU
		{E26DFA07-4F23-4FB9-B295-CB30DE7CA222}.Release|Any CPU.Build.0 = Release|Any CPU
		{4649C8BE-67BC-4FC2-BD5A-829655B2A924}.Debug|Any CPU.ActiveCfg = Debug|Any CPU
		{4649C8BE-67BC-4FC2-BD5A-829655B2A924}.Debug|Any CPU.Build.0 = Debug|Any CPU
		{4649C8BE-67BC-4FC2-BD5A-829655B2A924}.Release|Any CPU.ActiveCfg = Release|Any CPU
		{4649C8BE-67BC-4FC2-BD5A-829655B2A924}.Release|Any CPU.Build.0 = Release|Any CPU
		{B329CCB2-E6D8-4703-9ACB-DA7852DA6B7C}.Debug|Any CPU.ActiveCfg = Debug|Any CPU
		{B329CCB2-E6D8-4703-9ACB-DA7852DA6B7C}.Debug|Any CPU.Build.0 = Debug|Any CPU
		{B329CCB2-E6D8-4703-9ACB-DA7852DA6B7C}.Release|Any CPU.ActiveCfg = Release|Any CPU
		{B329CCB2-E6D8-4703-9ACB-DA7852DA6B7C}.Release|Any CPU.Build.0 = Release|Any CPU
		{8798DF95-17E4-4188-B1F8-91E22D21BED0}.Debug|Any CPU.ActiveCfg = Debug|Any CPU
		{8798DF95-17E4-4188-B1F8-91E22D21BED0}.Debug|Any CPU.Build.0 = Debug|Any CPU
		{8798DF95-17E4-4188-B1F8-91E22D21BED0}.Release|Any CPU.ActiveCfg = Release|Any CPU
		{8798DF95-17E4-4188-B1F8-91E22D21BED0}.Release|Any CPU.Build.0 = Release|Any CPU
		{4EC8D8F8-A7FB-4A12-AC90-1DFEB575B095}.Debug|Any CPU.ActiveCfg = Debug|Any CPU
		{4EC8D8F8-A7FB-4A12-AC90-1DFEB575B095}.Debug|Any CPU.Build.0 = Debug|Any CPU
		{4EC8D8F8-A7FB-4A12-AC90-1DFEB575B095}.Release|Any CPU.ActiveCfg = Release|Any CPU
		{4EC8D8F8-A7FB-4A12-AC90-1DFEB575B095}.Release|Any CPU.Build.0 = Release|Any CPU
		{688A5FAF-6597-4FFD-8F1B-C0D9C22CB304}.Debug|Any CPU.ActiveCfg = Debug|Any CPU
		{688A5FAF-6597-4FFD-8F1B-C0D9C22CB304}.Debug|Any CPU.Build.0 = Debug|Any CPU
		{688A5FAF-6597-4FFD-8F1B-C0D9C22CB304}.Release|Any CPU.ActiveCfg = Release|Any CPU
		{688A5FAF-6597-4FFD-8F1B-C0D9C22CB304}.Release|Any CPU.Build.0 = Release|Any CPU
		{A5A5A17B-BB4E-4116-A06F-FD6654A862C1}.Debug|Any CPU.ActiveCfg = Debug|Any CPU
		{A5A5A17B-BB4E-4116-A06F-FD6654A862C1}.Debug|Any CPU.Build.0 = Debug|Any CPU
		{A5A5A17B-BB4E-4116-A06F-FD6654A862C1}.Release|Any CPU.ActiveCfg = Release|Any CPU
		{A5A5A17B-BB4E-4116-A06F-FD6654A862C1}.Release|Any CPU.Build.0 = Release|Any CPU
		{AA8D654F-6A40-49A3-BAD1-B482952FDDFA}.Debug|Any CPU.ActiveCfg = Debug|Any CPU
		{AA8D654F-6A40-49A3-BAD1-B482952FDDFA}.Debug|Any CPU.Build.0 = Debug|Any CPU
		{AA8D654F-6A40-49A3-BAD1-B482952FDDFA}.Release|Any CPU.ActiveCfg = Release|Any CPU
		{AA8D654F-6A40-49A3-BAD1-B482952FDDFA}.Release|Any CPU.Build.0 = Release|Any CPU
		{2075E778-3752-4641-923A-C9868EC73FE2}.Debug|Any CPU.ActiveCfg = Debug|Any CPU
		{2075E778-3752-4641-923A-C9868EC73FE2}.Debug|Any CPU.Build.0 = Debug|Any CPU
		{2075E778-3752-4641-923A-C9868EC73FE2}.Release|Any CPU.ActiveCfg = Release|Any CPU
		{2075E778-3752-4641-923A-C9868EC73FE2}.Release|Any CPU.Build.0 = Release|Any CPU
		{2455EF53-1F08-49ED-B611-ECECCE91660D}.Debug|Any CPU.ActiveCfg = Debug|Any CPU
		{2455EF53-1F08-49ED-B611-ECECCE91660D}.Debug|Any CPU.Build.0 = Debug|Any CPU
		{2455EF53-1F08-49ED-B611-ECECCE91660D}.Release|Any CPU.ActiveCfg = Release|Any CPU
		{2455EF53-1F08-49ED-B611-ECECCE91660D}.Release|Any CPU.Build.0 = Release|Any CPU
		{83C06ACB-2599-4CE6-BAC1-3E4B1583D6BD}.Debug|Any CPU.ActiveCfg = Debug|Any CPU
		{83C06ACB-2599-4CE6-BAC1-3E4B1583D6BD}.Debug|Any CPU.Build.0 = Debug|Any CPU
		{83C06ACB-2599-4CE6-BAC1-3E4B1583D6BD}.Release|Any CPU.ActiveCfg = Release|Any CPU
		{83C06ACB-2599-4CE6-BAC1-3E4B1583D6BD}.Release|Any CPU.Build.0 = Release|Any CPU
		{4112539F-34BB-49E2-A560-B7BA80D51214}.Debug|Any CPU.ActiveCfg = Debug|Any CPU
		{4112539F-34BB-49E2-A560-B7BA80D51214}.Debug|Any CPU.Build.0 = Debug|Any CPU
		{4112539F-34BB-49E2-A560-B7BA80D51214}.Release|Any CPU.ActiveCfg = Release|Any CPU
		{4112539F-34BB-49E2-A560-B7BA80D51214}.Release|Any CPU.Build.0 = Release|Any CPU
		{74011051-42C9-40D9-BBBB-85FD16D498EC}.Debug|Any CPU.ActiveCfg = Debug|Any CPU
		{74011051-42C9-40D9-BBBB-85FD16D498EC}.Debug|Any CPU.Build.0 = Debug|Any CPU
		{74011051-42C9-40D9-BBBB-85FD16D498EC}.Release|Any CPU.ActiveCfg = Release|Any CPU
		{74011051-42C9-40D9-BBBB-85FD16D498EC}.Release|Any CPU.Build.0 = Release|Any CPU
		{CBC3E5D2-8A81-4F88-8AFA-1ECA2FA4A318}.Debug|Any CPU.ActiveCfg = Debug|Any CPU
		{CBC3E5D2-8A81-4F88-8AFA-1ECA2FA4A318}.Debug|Any CPU.Build.0 = Debug|Any CPU
		{CBC3E5D2-8A81-4F88-8AFA-1ECA2FA4A318}.Release|Any CPU.ActiveCfg = Release|Any CPU
		{CBC3E5D2-8A81-4F88-8AFA-1ECA2FA4A318}.Release|Any CPU.Build.0 = Release|Any CPU
		{A9B24A40-C418-419C-8A07-29758993C150}.Debug|Any CPU.ActiveCfg = Debug|Any CPU
		{A9B24A40-C418-419C-8A07-29758993C150}.Debug|Any CPU.Build.0 = Debug|Any CPU
		{A9B24A40-C418-419C-8A07-29758993C150}.Release|Any CPU.ActiveCfg = Release|Any CPU
		{A9B24A40-C418-419C-8A07-29758993C150}.Release|Any CPU.Build.0 = Release|Any CPU
		{16C35966-AD4D-4EC1-8EEF-0121A0FB2EE1}.Debug|Any CPU.ActiveCfg = Debug|Any CPU
		{16C35966-AD4D-4EC1-8EEF-0121A0FB2EE1}.Debug|Any CPU.Build.0 = Debug|Any CPU
		{16C35966-AD4D-4EC1-8EEF-0121A0FB2EE1}.Release|Any CPU.ActiveCfg = Release|Any CPU
		{16C35966-AD4D-4EC1-8EEF-0121A0FB2EE1}.Release|Any CPU.Build.0 = Release|Any CPU
		{E3A46832-D9BA-4805-BC08-F7C36E26FEC5}.Debug|Any CPU.ActiveCfg = Debug|Any CPU
		{E3A46832-D9BA-4805-BC08-F7C36E26FEC5}.Debug|Any CPU.Build.0 = Debug|Any CPU
		{E3A46832-D9BA-4805-BC08-F7C36E26FEC5}.Release|Any CPU.ActiveCfg = Release|Any CPU
		{E3A46832-D9BA-4805-BC08-F7C36E26FEC5}.Release|Any CPU.Build.0 = Release|Any CPU
		{B8B5DC8C-065E-4ECE-821D-F67B0E6A6A38}.Debug|Any CPU.ActiveCfg = Debug|Any CPU
		{B8B5DC8C-065E-4ECE-821D-F67B0E6A6A38}.Debug|Any CPU.Build.0 = Debug|Any CPU
		{B8B5DC8C-065E-4ECE-821D-F67B0E6A6A38}.Release|Any CPU.ActiveCfg = Release|Any CPU
		{B8B5DC8C-065E-4ECE-821D-F67B0E6A6A38}.Release|Any CPU.Build.0 = Release|Any CPU
		{F532F915-7D55-4F6F-B99C-48D66DB35CE6}.Debug|Any CPU.ActiveCfg = Debug|Any CPU
		{F532F915-7D55-4F6F-B99C-48D66DB35CE6}.Debug|Any CPU.Build.0 = Debug|Any CPU
		{F532F915-7D55-4F6F-B99C-48D66DB35CE6}.Release|Any CPU.ActiveCfg = Release|Any CPU
		{F532F915-7D55-4F6F-B99C-48D66DB35CE6}.Release|Any CPU.Build.0 = Release|Any CPU
		{6FB18248-63AC-4895-BE42-75418C7C1232}.Debug|Any CPU.ActiveCfg = Debug|Any CPU
		{6FB18248-63AC-4895-BE42-75418C7C1232}.Debug|Any CPU.Build.0 = Debug|Any CPU
		{6FB18248-63AC-4895-BE42-75418C7C1232}.Release|Any CPU.ActiveCfg = Release|Any CPU
		{6FB18248-63AC-4895-BE42-75418C7C1232}.Release|Any CPU.Build.0 = Release|Any CPU
		{1CF89D84-84A6-467A-89A8-104C9DE0FECA}.Debug|Any CPU.ActiveCfg = Debug|Any CPU
		{1CF89D84-84A6-467A-89A8-104C9DE0FECA}.Debug|Any CPU.Build.0 = Debug|Any CPU
		{1CF89D84-84A6-467A-89A8-104C9DE0FECA}.Release|Any CPU.ActiveCfg = Release|Any CPU
		{1CF89D84-84A6-467A-89A8-104C9DE0FECA}.Release|Any CPU.Build.0 = Release|Any CPU
		{E757D776-4F16-4A8B-8DE1-5F58E3065938}.Debug|Any CPU.ActiveCfg = Debug|Any CPU
		{E757D776-4F16-4A8B-8DE1-5F58E3065938}.Debug|Any CPU.Build.0 = Debug|Any CPU
		{E757D776-4F16-4A8B-8DE1-5F58E3065938}.Release|Any CPU.ActiveCfg = Release|Any CPU
		{E757D776-4F16-4A8B-8DE1-5F58E3065938}.Release|Any CPU.Build.0 = Release|Any CPU
		{2DCB40D5-4799-446F-9EB5-FD61743E3B6C}.Debug|Any CPU.ActiveCfg = Debug|Any CPU
		{2DCB40D5-4799-446F-9EB5-FD61743E3B6C}.Debug|Any CPU.Build.0 = Debug|Any CPU
		{2DCB40D5-4799-446F-9EB5-FD61743E3B6C}.Release|Any CPU.ActiveCfg = Release|Any CPU
		{2DCB40D5-4799-446F-9EB5-FD61743E3B6C}.Release|Any CPU.Build.0 = Release|Any CPU
		{CFBFB7A9-B1B3-4B12-9427-C6870B377511}.Debug|Any CPU.ActiveCfg = Debug|Any CPU
		{CFBFB7A9-B1B3-4B12-9427-C6870B377511}.Debug|Any CPU.Build.0 = Debug|Any CPU
		{CFBFB7A9-B1B3-4B12-9427-C6870B377511}.Release|Any CPU.ActiveCfg = Release|Any CPU
		{CFBFB7A9-B1B3-4B12-9427-C6870B377511}.Release|Any CPU.Build.0 = Release|Any CPU
	EndGlobalSection
	GlobalSection(SolutionProperties) = preSolution
		HideSolutionNode = FALSE
	EndGlobalSection
	GlobalSection(NestedProjects) = preSolution
		{60494822-0890-4708-B11F-6A0B0CB48C44} = {9AE8AAD3-FC27-484A-AFF2-6B70700E9616}
		{A635730A-AF9F-4F0C-A43E-9D5F7914B89A} = {957D1D65-DFFA-4BEF-AD96-106C49959830}
		{F506953E-7CE8-4C16-B892-3B0D2B97BE19} = {957D1D65-DFFA-4BEF-AD96-106C49959830}
		{03E82E7C-1D62-4014-B039-D6F58518D315} = {957D1D65-DFFA-4BEF-AD96-106C49959830}
		{C9342151-FD83-4E17-A8AC-52A6F0E62EE7} = {6BA1D02F-6686-4937-85C2-CD1AF55EA25F}
		{4C520DD8-5437-4AAA-AD6D-61ADD4DC486B} = {6BA1D02F-6686-4937-85C2-CD1AF55EA25F}
		{3FAD0731-6C99-4924-B56B-381BE7924BE1} = {6BA1D02F-6686-4937-85C2-CD1AF55EA25F}
		{736A2B66-BBEE-41E3-B9DB-C640CDA550D6} = {6BA1D02F-6686-4937-85C2-CD1AF55EA25F}
		{B9D0DDF2-2DFB-4B4D-A8FF-6C695F7FEE7D} = {6BA1D02F-6686-4937-85C2-CD1AF55EA25F}
		{A35F12A9-CFB5-47D3-B0F2-D3C3CDA4DC72} = {6BA1D02F-6686-4937-85C2-CD1AF55EA25F}
		{E26DFA07-4F23-4FB9-B295-CB30DE7CA222} = {6BA1D02F-6686-4937-85C2-CD1AF55EA25F}
		{4649C8BE-67BC-4FC2-BD5A-829655B2A924} = {6BA1D02F-6686-4937-85C2-CD1AF55EA25F}
		{B329CCB2-E6D8-4703-9ACB-DA7852DA6B7C} = {6BA1D02F-6686-4937-85C2-CD1AF55EA25F}
		{8798DF95-17E4-4188-B1F8-91E22D21BED0} = {6BA1D02F-6686-4937-85C2-CD1AF55EA25F}
		{4EC8D8F8-A7FB-4A12-AC90-1DFEB575B095} = {6BA1D02F-6686-4937-85C2-CD1AF55EA25F}
		{688A5FAF-6597-4FFD-8F1B-C0D9C22CB304} = {6BA1D02F-6686-4937-85C2-CD1AF55EA25F}
		{A5A5A17B-BB4E-4116-A06F-FD6654A862C1} = {6BA1D02F-6686-4937-85C2-CD1AF55EA25F}
		{AA8D654F-6A40-49A3-BAD1-B482952FDDFA} = {6BA1D02F-6686-4937-85C2-CD1AF55EA25F}
		{2075E778-3752-4641-923A-C9868EC73FE2} = {6BA1D02F-6686-4937-85C2-CD1AF55EA25F}
		{2455EF53-1F08-49ED-B611-ECECCE91660D} = {6BA1D02F-6686-4937-85C2-CD1AF55EA25F}
		{83C06ACB-2599-4CE6-BAC1-3E4B1583D6BD} = {6BA1D02F-6686-4937-85C2-CD1AF55EA25F}
		{4112539F-34BB-49E2-A560-B7BA80D51214} = {6BA1D02F-6686-4937-85C2-CD1AF55EA25F}
		{74011051-42C9-40D9-BBBB-85FD16D498EC} = {6BA1D02F-6686-4937-85C2-CD1AF55EA25F}
		{6BA1D02F-6686-4937-85C2-CD1AF55EA25F} = {A635730A-AF9F-4F0C-A43E-9D5F7914B89A}
		{5AB12B10-994B-4BD3-8F60-2E2DF738CE9D} = {A635730A-AF9F-4F0C-A43E-9D5F7914B89A}
		{701A7928-9604-4AC0-8FB1-B9B4E0A0FC78} = {A635730A-AF9F-4F0C-A43E-9D5F7914B89A}
		{4FA11EE6-9E75-46F6-B81A-F237432F7DA8} = {A635730A-AF9F-4F0C-A43E-9D5F7914B89A}
		{CBC3E5D2-8A81-4F88-8AFA-1ECA2FA4A318} = {6BA1D02F-6686-4937-85C2-CD1AF55EA25F}
		{A9B24A40-C418-419C-8A07-29758993C150} = {6BA1D02F-6686-4937-85C2-CD1AF55EA25F}
		{16C35966-AD4D-4EC1-8EEF-0121A0FB2EE1} = {6BA1D02F-6686-4937-85C2-CD1AF55EA25F}
		{E3A46832-D9BA-4805-BC08-F7C36E26FEC5} = {6BA1D02F-6686-4937-85C2-CD1AF55EA25F}
		{B8B5DC8C-065E-4ECE-821D-F67B0E6A6A38} = {6BA1D02F-6686-4937-85C2-CD1AF55EA25F}
		{F532F915-7D55-4F6F-B99C-48D66DB35CE6} = {6BA1D02F-6686-4937-85C2-CD1AF55EA25F}
		{6FB18248-63AC-4895-BE42-75418C7C1232} = {6BA1D02F-6686-4937-85C2-CD1AF55EA25F}
		{1CF89D84-84A6-467A-89A8-104C9DE0FECA} = {6BA1D02F-6686-4937-85C2-CD1AF55EA25F}
		{E757D776-4F16-4A8B-8DE1-5F58E3065938} = {6BA1D02F-6686-4937-85C2-CD1AF55EA25F}
		{2DCB40D5-4799-446F-9EB5-FD61743E3B6C} = {6BA1D02F-6686-4937-85C2-CD1AF55EA25F}
		{CFBFB7A9-B1B3-4B12-9427-C6870B377511} = {6BA1D02F-6686-4937-85C2-CD1AF55EA25F}
	EndGlobalSection
EndGlobal
