
Microsoft Visual Studio Solution File, Format Version 12.00
# Visual Studio 14
VisualStudioVersion = 14.0.25420.1
MinimumVisualStudioVersion = 10.0.40219.1
Project("{FAE04EC0-301F-11D3-BF4B-00C04F79EFBC}") = "EncapsulationExample", "ClassLibrary1\EncapsulationExample.csproj", "{60494822-0890-4708-B11F-6A0B0CB48C44}"
EndProject
Project("{2150E333-8FDC-42A3-9474-1A3956D46DE8}") = "EncapsulationExample", "EncapsulationExample", "{9AE8AAD3-FC27-484A-AFF2-6B70700E9616}"
	ProjectSection(SolutionItems) = preProject
		EncapsulationNotes.txt = EncapsulationNotes.txt
	EndProjectSection
EndProject
Project("{2150E333-8FDC-42A3-9474-1A3956D46DE8}") = "ExamRefBook(70-483)", "ExamRefBook(70-483)", "{957D1D65-DFFA-4BEF-AD96-106C49959830}"
EndProject
Project("{2150E333-8FDC-42A3-9474-1A3956D46DE8}") = "Chapter1", "Chapter1", "{A635730A-AF9F-4F0C-A43E-9D5F7914B89A}"
EndProject
Project("{2150E333-8FDC-42A3-9474-1A3956D46DE8}") = "Chapter2", "Chapter2", "{F506953E-7CE8-4C16-B892-3B0D2B97BE19}"
EndProject
Project("{2150E333-8FDC-42A3-9474-1A3956D46DE8}") = "Chapter3", "Chapter3", "{03E82E7C-1D62-4014-B039-D6F58518D315}"
EndProject
Project("{FAE04EC0-301F-11D3-BF4B-00C04F79EFBC}") = "Listing1-01_CreatingThreads", "Listing1-1_CreatingThreads\Listing1-01_CreatingThreads.csproj", "{C9342151-FD83-4E17-A8AC-52A6F0E62EE7}"
EndProject
Project("{FAE04EC0-301F-11D3-BF4B-00C04F79EFBC}") = "Listing1-02_BackgroundThreads", "Listing1-2_BackgroundThreads\Listing1-02_BackgroundThreads.csproj", "{4C520DD8-5437-4AAA-AD6D-61ADD4DC486B}"
EndProject
Project("{FAE04EC0-301F-11D3-BF4B-00C04F79EFBC}") = "Listing1-03_ParameterizedThreadStarts", "Listing1-3_ParameterizedThreadStarts\Listing1-03_ParameterizedThreadStarts.csproj", "{3FAD0731-6C99-4924-B56B-381BE7924BE1}"
EndProject
Project("{FAE04EC0-301F-11D3-BF4B-00C04F79EFBC}") = "Listing1-04_StoppingThreads", "Listing1-4_StoppingThreads\Listing1-04_StoppingThreads.csproj", "{736A2B66-BBEE-41E3-B9DB-C640CDA550D6}"
EndProject
Project("{FAE04EC0-301F-11D3-BF4B-00C04F79EFBC}") = "Listing1-05_ThreadStaticAttributes", "Listing1-5_ThreadStaticAttributes\Listing1-05_ThreadStaticAttributes.csproj", "{B9D0DDF2-2DFB-4B4D-A8FF-6C695F7FEE7D}"
EndProject
Project("{FAE04EC0-301F-11D3-BF4B-00C04F79EFBC}") = "Listing1-06_UsingThreadLocal", "Listing1-6_UsingThreadLocal\Listing1-06_UsingThreadLocal.csproj", "{A35F12A9-CFB5-47D3-B0F2-D3C3CDA4DC72}"
EndProject
Project("{FAE04EC0-301F-11D3-BF4B-00C04F79EFBC}") = "Listing1-07_QueuingWorkToThreadPools", "Listing1-7_UsingThreadPools\Listing1-07_QueuingWorkToThreadPools.csproj", "{E26DFA07-4F23-4FB9-B295-CB30DE7CA222}"
EndProject
Project("{FAE04EC0-301F-11D3-BF4B-00C04F79EFBC}") = "Listing1-08_StartingTasks", "Listing1-8_StartingTasks\Listing1-08_StartingTasks.csproj", "{4649C8BE-67BC-4FC2-BD5A-829655B2A924}"
EndProject
Project("{FAE04EC0-301F-11D3-BF4B-00C04F79EFBC}") = "Listing1-09_UsingTasks", "Listing1-9_UsingTasks\Listing1-09_UsingTasks.csproj", "{B329CCB2-E6D8-4703-9ACB-DA7852DA6B7C}"
EndProject
Project("{FAE04EC0-301F-11D3-BF4B-00C04F79EFBC}") = "Listing1-10_AddingContinuations", "Listing1-10_AddingContinuations\Listing1-10_AddingContinuations.csproj", "{8798DF95-17E4-4188-B1F8-91E22D21BED0}"
EndProject
Project("{FAE04EC0-301F-11D3-BF4B-00C04F79EFBC}") = "Listing1-11_SchedulingContinuationTasks", "Listing1-11_SchedulingContinuationTasks\Listing1-11_SchedulingContinuationTasks.csproj", "{4EC8D8F8-A7FB-4A12-AC90-1DFEB575B095}"
EndProject
Project("{FAE04EC0-301F-11D3-BF4B-00C04F79EFBC}") = "Listing1-12_AttachingChildToParentTasks", "Listing1-12_AttachingChildToParentTasks\Listing1-12_AttachingChildToParentTasks.csproj", "{688A5FAF-6597-4FFD-8F1B-C0D9C22CB304}"
EndProject
Project("{FAE04EC0-301F-11D3-BF4B-00C04F79EFBC}") = "Listing1-13_UsingTaskFactories", "Listing1-13_UsingTaskFactories\Listing1-13_UsingTaskFactories.csproj", "{A5A5A17B-BB4E-4116-A06F-FD6654A862C1}"
EndProject
Project("{FAE04EC0-301F-11D3-BF4B-00C04F79EFBC}") = "Listing1-14_UsingTaskWaitAll", "Listing1-14_UsingTaskWaitAll\Listing1-14_UsingTaskWaitAll.csproj", "{AA8D654F-6A40-49A3-BAD1-B482952FDDFA}"
EndProject
Project("{FAE04EC0-301F-11D3-BF4B-00C04F79EFBC}") = "Listing1-15_UsingTaskWaitAny", "Listing1-15_UsingTaskWaitAny\Listing1-15_UsingTaskWaitAny.csproj", "{2075E778-3752-4641-923A-C9868EC73FE2}"
EndProject
Global
	GlobalSection(SolutionConfigurationPlatforms) = preSolution
		Debug|Any CPU = Debug|Any CPU
		Release|Any CPU = Release|Any CPU
	EndGlobalSection
	GlobalSection(ProjectConfigurationPlatforms) = postSolution
		{60494822-0890-4708-B11F-6A0B0CB48C44}.Debug|Any CPU.ActiveCfg = Debug|Any CPU
		{60494822-0890-4708-B11F-6A0B0CB48C44}.Debug|Any CPU.Build.0 = Debug|Any CPU
		{60494822-0890-4708-B11F-6A0B0CB48C44}.Release|Any CPU.ActiveCfg = Release|Any CPU
		{60494822-0890-4708-B11F-6A0B0CB48C44}.Release|Any CPU.Build.0 = Release|Any CPU
		{C9342151-FD83-4E17-A8AC-52A6F0E62EE7}.Debug|Any CPU.ActiveCfg = Debug|Any CPU
		{C9342151-FD83-4E17-A8AC-52A6F0E62EE7}.Debug|Any CPU.Build.0 = Debug|Any CPU
		{C9342151-FD83-4E17-A8AC-52A6F0E62EE7}.Release|Any CPU.ActiveCfg = Release|Any CPU
		{C9342151-FD83-4E17-A8AC-52A6F0E62EE7}.Release|Any CPU.Build.0 = Release|Any CPU
		{4C520DD8-5437-4AAA-AD6D-61ADD4DC486B}.Debug|Any CPU.ActiveCfg = Debug|Any CPU
		{4C520DD8-5437-4AAA-AD6D-61ADD4DC486B}.Debug|Any CPU.Build.0 = Debug|Any CPU
		{4C520DD8-5437-4AAA-AD6D-61ADD4DC486B}.Release|Any CPU.ActiveCfg = Release|Any CPU
		{4C520DD8-5437-4AAA-AD6D-61ADD4DC486B}.Release|Any CPU.Build.0 = Release|Any CPU
		{3FAD0731-6C99-4924-B56B-381BE7924BE1}.Debug|Any CPU.ActiveCfg = Debug|Any CPU
		{3FAD0731-6C99-4924-B56B-381BE7924BE1}.Debug|Any CPU.Build.0 = Debug|Any CPU
		{3FAD0731-6C99-4924-B56B-381BE7924BE1}.Release|Any CPU.ActiveCfg = Release|Any CPU
		{3FAD0731-6C99-4924-B56B-381BE7924BE1}.Release|Any CPU.Build.0 = Release|Any CPU
		{736A2B66-BBEE-41E3-B9DB-C640CDA550D6}.Debug|Any CPU.ActiveCfg = Debug|Any CPU
		{736A2B66-BBEE-41E3-B9DB-C640CDA550D6}.Debug|Any CPU.Build.0 = Debug|Any CPU
		{736A2B66-BBEE-41E3-B9DB-C640CDA550D6}.Release|Any CPU.ActiveCfg = Release|Any CPU
		{736A2B66-BBEE-41E3-B9DB-C640CDA550D6}.Release|Any CPU.Build.0 = Release|Any CPU
		{B9D0DDF2-2DFB-4B4D-A8FF-6C695F7FEE7D}.Debug|Any CPU.ActiveCfg = Debug|Any CPU
		{B9D0DDF2-2DFB-4B4D-A8FF-6C695F7FEE7D}.Debug|Any CPU.Build.0 = Debug|Any CPU
		{B9D0DDF2-2DFB-4B4D-A8FF-6C695F7FEE7D}.Release|Any CPU.ActiveCfg = Release|Any CPU
		{B9D0DDF2-2DFB-4B4D-A8FF-6C695F7FEE7D}.Release|Any CPU.Build.0 = Release|Any CPU
		{A35F12A9-CFB5-47D3-B0F2-D3C3CDA4DC72}.Debug|Any CPU.ActiveCfg = Debug|Any CPU
		{A35F12A9-CFB5-47D3-B0F2-D3C3CDA4DC72}.Debug|Any CPU.Build.0 = Debug|Any CPU
		{A35F12A9-CFB5-47D3-B0F2-D3C3CDA4DC72}.Release|Any CPU.ActiveCfg = Release|Any CPU
		{A35F12A9-CFB5-47D3-B0F2-D3C3CDA4DC72}.Release|Any CPU.Build.0 = Release|Any CPU
		{E26DFA07-4F23-4FB9-B295-CB30DE7CA222}.Debug|Any CPU.ActiveCfg = Debug|Any CPU
		{E26DFA07-4F23-4FB9-B295-CB30DE7CA222}.Debug|Any CPU.Build.0 = Debug|Any CPU
		{E26DFA07-4F23-4FB9-B295-CB30DE7CA222}.Release|Any CPU.ActiveCfg = Release|Any CPU
		{E26DFA07-4F23-4FB9-B295-CB30DE7CA222}.Release|Any CPU.Build.0 = Release|Any CPU
		{4649C8BE-67BC-4FC2-BD5A-829655B2A924}.Debug|Any CPU.ActiveCfg = Debug|Any CPU
		{4649C8BE-67BC-4FC2-BD5A-829655B2A924}.Debug|Any CPU.Build.0 = Debug|Any CPU
		{4649C8BE-67BC-4FC2-BD5A-829655B2A924}.Release|Any CPU.ActiveCfg = Release|Any CPU
		{4649C8BE-67BC-4FC2-BD5A-829655B2A924}.Release|Any CPU.Build.0 = Release|Any CPU
		{B329CCB2-E6D8-4703-9ACB-DA7852DA6B7C}.Debug|Any CPU.ActiveCfg = Debug|Any CPU
		{B329CCB2-E6D8-4703-9ACB-DA7852DA6B7C}.Debug|Any CPU.Build.0 = Debug|Any CPU
		{B329CCB2-E6D8-4703-9ACB-DA7852DA6B7C}.Release|Any CPU.ActiveCfg = Release|Any CPU
		{B329CCB2-E6D8-4703-9ACB-DA7852DA6B7C}.Release|Any CPU.Build.0 = Release|Any CPU
		{8798DF95-17E4-4188-B1F8-91E22D21BED0}.Debug|Any CPU.ActiveCfg = Debug|Any CPU
		{8798DF95-17E4-4188-B1F8-91E22D21BED0}.Debug|Any CPU.Build.0 = Debug|Any CPU
		{8798DF95-17E4-4188-B1F8-91E22D21BED0}.Release|Any CPU.ActiveCfg = Release|Any CPU
		{8798DF95-17E4-4188-B1F8-91E22D21BED0}.Release|Any CPU.Build.0 = Release|Any CPU
		{4EC8D8F8-A7FB-4A12-AC90-1DFEB575B095}.Debug|Any CPU.ActiveCfg = Debug|Any CPU
		{4EC8D8F8-A7FB-4A12-AC90-1DFEB575B095}.Debug|Any CPU.Build.0 = Debug|Any CPU
		{4EC8D8F8-A7FB-4A12-AC90-1DFEB575B095}.Release|Any CPU.ActiveCfg = Release|Any CPU
		{4EC8D8F8-A7FB-4A12-AC90-1DFEB575B095}.Release|Any CPU.Build.0 = Release|Any CPU
		{688A5FAF-6597-4FFD-8F1B-C0D9C22CB304}.Debug|Any CPU.ActiveCfg = Debug|Any CPU
		{688A5FAF-6597-4FFD-8F1B-C0D9C22CB304}.Debug|Any CPU.Build.0 = Debug|Any CPU
		{688A5FAF-6597-4FFD-8F1B-C0D9C22CB304}.Release|Any CPU.ActiveCfg = Release|Any CPU
		{688A5FAF-6597-4FFD-8F1B-C0D9C22CB304}.Release|Any CPU.Build.0 = Release|Any CPU
		{A5A5A17B-BB4E-4116-A06F-FD6654A862C1}.Debug|Any CPU.ActiveCfg = Debug|Any CPU
		{A5A5A17B-BB4E-4116-A06F-FD6654A862C1}.Debug|Any CPU.Build.0 = Debug|Any CPU
		{A5A5A17B-BB4E-4116-A06F-FD6654A862C1}.Release|Any CPU.ActiveCfg = Release|Any CPU
		{A5A5A17B-BB4E-4116-A06F-FD6654A862C1}.Release|Any CPU.Build.0 = Release|Any CPU
		{AA8D654F-6A40-49A3-BAD1-B482952FDDFA}.Debug|Any CPU.ActiveCfg = Debug|Any CPU
		{AA8D654F-6A40-49A3-BAD1-B482952FDDFA}.Debug|Any CPU.Build.0 = Debug|Any CPU
		{AA8D654F-6A40-49A3-BAD1-B482952FDDFA}.Release|Any CPU.ActiveCfg = Release|Any CPU
		{AA8D654F-6A40-49A3-BAD1-B482952FDDFA}.Release|Any CPU.Build.0 = Release|Any CPU
		{2075E778-3752-4641-923A-C9868EC73FE2}.Debug|Any CPU.ActiveCfg = Debug|Any CPU
		{2075E778-3752-4641-923A-C9868EC73FE2}.Debug|Any CPU.Build.0 = Debug|Any CPU
		{2075E778-3752-4641-923A-C9868EC73FE2}.Release|Any CPU.ActiveCfg = Release|Any CPU
		{2075E778-3752-4641-923A-C9868EC73FE2}.Release|Any CPU.Build.0 = Release|Any CPU
	EndGlobalSection
	GlobalSection(SolutionProperties) = preSolution
		HideSolutionNode = FALSE
	EndGlobalSection
	GlobalSection(NestedProjects) = preSolution
		{60494822-0890-4708-B11F-6A0B0CB48C44} = {9AE8AAD3-FC27-484A-AFF2-6B70700E9616}
		{A635730A-AF9F-4F0C-A43E-9D5F7914B89A} = {957D1D65-DFFA-4BEF-AD96-106C49959830}
		{F506953E-7CE8-4C16-B892-3B0D2B97BE19} = {957D1D65-DFFA-4BEF-AD96-106C49959830}
		{03E82E7C-1D62-4014-B039-D6F58518D315} = {957D1D65-DFFA-4BEF-AD96-106C49959830}
		{C9342151-FD83-4E17-A8AC-52A6F0E62EE7} = {A635730A-AF9F-4F0C-A43E-9D5F7914B89A}
		{4C520DD8-5437-4AAA-AD6D-61ADD4DC486B} = {A635730A-AF9F-4F0C-A43E-9D5F7914B89A}
		{3FAD0731-6C99-4924-B56B-381BE7924BE1} = {A635730A-AF9F-4F0C-A43E-9D5F7914B89A}
		{736A2B66-BBEE-41E3-B9DB-C640CDA550D6} = {A635730A-AF9F-4F0C-A43E-9D5F7914B89A}
		{B9D0DDF2-2DFB-4B4D-A8FF-6C695F7FEE7D} = {A635730A-AF9F-4F0C-A43E-9D5F7914B89A}
		{A35F12A9-CFB5-47D3-B0F2-D3C3CDA4DC72} = {A635730A-AF9F-4F0C-A43E-9D5F7914B89A}
		{E26DFA07-4F23-4FB9-B295-CB30DE7CA222} = {A635730A-AF9F-4F0C-A43E-9D5F7914B89A}
		{4649C8BE-67BC-4FC2-BD5A-829655B2A924} = {A635730A-AF9F-4F0C-A43E-9D5F7914B89A}
		{B329CCB2-E6D8-4703-9ACB-DA7852DA6B7C} = {A635730A-AF9F-4F0C-A43E-9D5F7914B89A}
		{8798DF95-17E4-4188-B1F8-91E22D21BED0} = {A635730A-AF9F-4F0C-A43E-9D5F7914B89A}
		{4EC8D8F8-A7FB-4A12-AC90-1DFEB575B095} = {A635730A-AF9F-4F0C-A43E-9D5F7914B89A}
		{688A5FAF-6597-4FFD-8F1B-C0D9C22CB304} = {A635730A-AF9F-4F0C-A43E-9D5F7914B89A}
		{A5A5A17B-BB4E-4116-A06F-FD6654A862C1} = {A635730A-AF9F-4F0C-A43E-9D5F7914B89A}
		{AA8D654F-6A40-49A3-BAD1-B482952FDDFA} = {A635730A-AF9F-4F0C-A43E-9D5F7914B89A}
		{2075E778-3752-4641-923A-C9868EC73FE2} = {A635730A-AF9F-4F0C-A43E-9D5F7914B89A}
	EndGlobalSection
EndGlobal
